// !$*UTF8*$!
{
	archiveVersion = 1;
	classes = {
	};
	objectVersion = 46;
	objects = {

/* Begin PBXBuildFile section */
		2829967C17782CB700C64C5F /* UIKit.framework in Frameworks */ = {isa = PBXBuildFile; fileRef = 2829967B17782CB700C64C5F /* UIKit.framework */; };
		2829967E17782CB700C64C5F /* Foundation.framework in Frameworks */ = {isa = PBXBuildFile; fileRef = 2829967D17782CB700C64C5F /* Foundation.framework */; };
		2829968017782CB700C64C5F /* CoreGraphics.framework in Frameworks */ = {isa = PBXBuildFile; fileRef = 2829967F17782CB700C64C5F /* CoreGraphics.framework */; };
		2829968617782CB700C64C5F /* InfoPlist.strings in Resources */ = {isa = PBXBuildFile; fileRef = 2829968417782CB700C64C5F /* InfoPlist.strings */; };
		2829968817782CB700C64C5F /* main.m in Sources */ = {isa = PBXBuildFile; fileRef = 2829968717782CB700C64C5F /* main.m */; };
		2829968C17782CB700C64C5F /* AppDelegate.m in Sources */ = {isa = PBXBuildFile; fileRef = 2829968B17782CB700C64C5F /* AppDelegate.m */; };
		2829968E17782CB700C64C5F /* Default.png in Resources */ = {isa = PBXBuildFile; fileRef = 2829968D17782CB700C64C5F /* Default.png */; };
		2829969017782CB700C64C5F /* Default@2x.png in Resources */ = {isa = PBXBuildFile; fileRef = 2829968F17782CB700C64C5F /* Default@2x.png */; };
		2829969217782CB700C64C5F /* Default-568h@2x.png in Resources */ = {isa = PBXBuildFile; fileRef = 2829969117782CB700C64C5F /* Default-568h@2x.png */; };
		2829969A17782CB800C64C5F /* SenTestingKit.framework in Frameworks */ = {isa = PBXBuildFile; fileRef = 2829969917782CB800C64C5F /* SenTestingKit.framework */; };
		2829969B17782CB800C64C5F /* UIKit.framework in Frameworks */ = {isa = PBXBuildFile; fileRef = 2829967B17782CB700C64C5F /* UIKit.framework */; };
		2829969C17782CB800C64C5F /* Foundation.framework in Frameworks */ = {isa = PBXBuildFile; fileRef = 2829967D17782CB700C64C5F /* Foundation.framework */; };
		282996A417782CB800C64C5F /* InfoPlist.strings in Resources */ = {isa = PBXBuildFile; fileRef = 282996A217782CB800C64C5F /* InfoPlist.strings */; };
		2847BCD8177D6ADB00067186 /* LocalStorage.framework in Frameworks */ = {isa = PBXBuildFile; fileRef = 2847BCD7177D6ADB00067186 /* LocalStorage.framework */; };
		2847BCDA177D6AFE00067186 /* todo.txt in Resources */ = {isa = PBXBuildFile; fileRef = 2847BCD9177D6AFE00067186 /* todo.txt */; };
		286DBC151786A0CF0079111B /* tran_sc4.sql in Resources */ = {isa = PBXBuildFile; fileRef = 286DBC141786A0CF0079111B /* tran_sc4.sql */; };
		286DBC161786A0CF0079111B /* tran_sc4.sql in Resources */ = {isa = PBXBuildFile; fileRef = 286DBC141786A0CF0079111B /* tran_sc4.sql */; };
		286DBC181786A3CA0079111B /* tran_sc5.sql in Resources */ = {isa = PBXBuildFile; fileRef = 286DBC171786A3CA0079111B /* tran_sc5.sql */; };
		286DBC191786A3CA0079111B /* tran_sc5.sql in Resources */ = {isa = PBXBuildFile; fileRef = 286DBC171786A3CA0079111B /* tran_sc5.sql */; };
		287733EB1782B17800991FC1 /* tc3.sql in Resources */ = {isa = PBXBuildFile; fileRef = 287733EA1782B17800991FC1 /* tc3.sql */; };
		287733EC1782B17800991FC1 /* tc3.sql in Resources */ = {isa = PBXBuildFile; fileRef = 287733EA1782B17800991FC1 /* tc3.sql */; };
		2878215B177971A100FF73B7 /* BankAccountTest.m in Sources */ = {isa = PBXBuildFile; fileRef = 2878215A177971A100FF73B7 /* BankAccountTest.m */; };
		28782162177971EE00FF73B7 /* BankAccount.m in Sources */ = {isa = PBXBuildFile; fileRef = 28782161177971EE00FF73B7 /* BankAccount.m */; };
		287821651779726300FF73B7 /* AccountDAO.m in Sources */ = {isa = PBXBuildFile; fileRef = 287821641779726300FF73B7 /* AccountDAO.m */; };
		28782168177973DB00FF73B7 /* Account.m in Sources */ = {isa = PBXBuildFile; fileRef = 28782167177973DB00FF73B7 /* Account.m */; };
		287AA096177AC7320075AD5A /* Transaction.m in Sources */ = {isa = PBXBuildFile; fileRef = 287AA095177AC7320075AD5A /* Transaction.m */; };
		287AA099177AC7E30075AD5A /* TransactionDAO.m in Sources */ = {isa = PBXBuildFile; fileRef = 287AA098177AC7E30075AD5A /* TransactionDAO.m */; };
		287FE84717855130009982D8 /* tran_sc2.sql in Resources */ = {isa = PBXBuildFile; fileRef = 287FE84617855130009982D8 /* tran_sc2.sql */; };
		287FE84817855130009982D8 /* tran_sc2.sql in Resources */ = {isa = PBXBuildFile; fileRef = 287FE84617855130009982D8 /* tran_sc2.sql */; };
		287FE84A17855571009982D8 /* tran_sc3.sql in Resources */ = {isa = PBXBuildFile; fileRef = 287FE84917855570009982D8 /* tran_sc3.sql */; };
		287FE84B17855571009982D8 /* tran_sc3.sql in Resources */ = {isa = PBXBuildFile; fileRef = 287FE84917855570009982D8 /* tran_sc3.sql */; };
		288F19921783FD600058EFE0 /* TransactionDAOTest.m in Sources */ = {isa = PBXBuildFile; fileRef = 288F19911783FD600058EFE0 /* TransactionDAOTest.m */; };
		288F1994178401630058EFE0 /* tran_sc1.sql in Resources */ = {isa = PBXBuildFile; fileRef = 288F1993178401630058EFE0 /* tran_sc1.sql */; };
		288F1995178401630058EFE0 /* tran_sc1.sql in Resources */ = {isa = PBXBuildFile; fileRef = 288F1993178401630058EFE0 /* tran_sc1.sql */; };
		28A2F4B617815B2D00F2A40C /* AccountDAOTest.m in Sources */ = {isa = PBXBuildFile; fileRef = 28A2F4B517815B2D00F2A40C /* AccountDAOTest.m */; };
		28A2F4BA17815CE500F2A40C /* LocalStorage.framework in Frameworks */ = {isa = PBXBuildFile; fileRef = 2847BCD7177D6ADB00067186 /* LocalStorage.framework */; };
		28A2F4BC17815CFB00F2A40C /* libsqlite3.dylib in Frameworks */ = {isa = PBXBuildFile; fileRef = 28A2F4BB17815CFB00F2A40C /* libsqlite3.dylib */; };
		28A2F4BD17815CFE00F2A40C /* libsqlite3.dylib in Frameworks */ = {isa = PBXBuildFile; fileRef = 28A2F4BB17815CFB00F2A40C /* libsqlite3.dylib */; };
		28A2F4BF17815F9800F2A40C /* tc2.sql in Resources */ = {isa = PBXBuildFile; fileRef = 28A2F4BE17815F9800F2A40C /* tc2.sql */; };
		28A2F4C017815F9800F2A40C /* tc2.sql in Resources */ = {isa = PBXBuildFile; fileRef = 28A2F4BE17815F9800F2A40C /* tc2.sql */; };
		28A2F4C217815FAD00F2A40C /* tc1.sql in Resources */ = {isa = PBXBuildFile; fileRef = 28A2F4C117815FAD00F2A40C /* tc1.sql */; };
		28A2F4C317815FAD00F2A40C /* tc1.sql in Resources */ = {isa = PBXBuildFile; fileRef = 28A2F4C117815FAD00F2A40C /* tc1.sql */; };
		73BC81F374FB470686E1D1A1 /* libPods-BankAccountTests.a in Frameworks */ = {isa = PBXBuildFile; fileRef = 7FF58C7FC31D486697DFAA11 /* libPods-BankAccountTests.a */; };
/* End PBXBuildFile section */

/* Begin PBXContainerItemProxy section */
		2829969D17782CB800C64C5F /* PBXContainerItemProxy */ = {
			isa = PBXContainerItemProxy;
			containerPortal = 2829967017782CB700C64C5F /* Project object */;
			proxyType = 1;
			remoteGlobalIDString = 2829967717782CB700C64C5F;
			remoteInfo = BankAccount;
		};
/* End PBXContainerItemProxy section */

/* Begin PBXFileReference section */
		2829967817782CB700C64C5F /* BankAccount.app */ = {isa = PBXFileReference; explicitFileType = wrapper.application; includeInIndex = 0; path = BankAccount.app; sourceTree = BUILT_PRODUCTS_DIR; };
		2829967B17782CB700C64C5F /* UIKit.framework */ = {isa = PBXFileReference; lastKnownFileType = wrapper.framework; name = UIKit.framework; path = System/Library/Frameworks/UIKit.framework; sourceTree = SDKROOT; };
		2829967D17782CB700C64C5F /* Foundation.framework */ = {isa = PBXFileReference; lastKnownFileType = wrapper.framework; name = Foundation.framework; path = System/Library/Frameworks/Foundation.framework; sourceTree = SDKROOT; };
		2829967F17782CB700C64C5F /* CoreGraphics.framework */ = {isa = PBXFileReference; lastKnownFileType = wrapper.framework; name = CoreGraphics.framework; path = System/Library/Frameworks/CoreGraphics.framework; sourceTree = SDKROOT; };
		2829968317782CB700C64C5F /* BankAccount-Info.plist */ = {isa = PBXFileReference; lastKnownFileType = text.plist.xml; path = "BankAccount-Info.plist"; sourceTree = "<group>"; };
		2829968517782CB700C64C5F /* en */ = {isa = PBXFileReference; lastKnownFileType = text.plist.strings; name = en; path = en.lproj/InfoPlist.strings; sourceTree = "<group>"; };
		2829968717782CB700C64C5F /* main.m */ = {isa = PBXFileReference; lastKnownFileType = sourcecode.c.objc; path = main.m; sourceTree = "<group>"; };
		2829968917782CB700C64C5F /* BankAccount-Prefix.pch */ = {isa = PBXFileReference; lastKnownFileType = sourcecode.c.h; path = "BankAccount-Prefix.pch"; sourceTree = "<group>"; };
		2829968A17782CB700C64C5F /* AppDelegate.h */ = {isa = PBXFileReference; lastKnownFileType = sourcecode.c.h; path = AppDelegate.h; sourceTree = "<group>"; };
		2829968B17782CB700C64C5F /* AppDelegate.m */ = {isa = PBXFileReference; lastKnownFileType = sourcecode.c.objc; path = AppDelegate.m; sourceTree = "<group>"; };
		2829968D17782CB700C64C5F /* Default.png */ = {isa = PBXFileReference; lastKnownFileType = image.png; path = Default.png; sourceTree = "<group>"; };
		2829968F17782CB700C64C5F /* Default@2x.png */ = {isa = PBXFileReference; lastKnownFileType = image.png; path = "Default@2x.png"; sourceTree = "<group>"; };
		2829969117782CB700C64C5F /* Default-568h@2x.png */ = {isa = PBXFileReference; lastKnownFileType = image.png; path = "Default-568h@2x.png"; sourceTree = "<group>"; };
		2829969817782CB800C64C5F /* BankAccountTests.octest */ = {isa = PBXFileReference; explicitFileType = wrapper.cfbundle; includeInIndex = 0; path = BankAccountTests.octest; sourceTree = BUILT_PRODUCTS_DIR; };
		2829969917782CB800C64C5F /* SenTestingKit.framework */ = {isa = PBXFileReference; lastKnownFileType = wrapper.framework; name = SenTestingKit.framework; path = Library/Frameworks/SenTestingKit.framework; sourceTree = DEVELOPER_DIR; };
		282996A117782CB800C64C5F /* BankAccountTests-Info.plist */ = {isa = PBXFileReference; lastKnownFileType = text.plist.xml; path = "BankAccountTests-Info.plist"; sourceTree = "<group>"; };
		282996A317782CB800C64C5F /* en */ = {isa = PBXFileReference; lastKnownFileType = text.plist.strings; name = en; path = en.lproj/InfoPlist.strings; sourceTree = "<group>"; };
		2847BCD7177D6ADB00067186 /* LocalStorage.framework */ = {isa = PBXFileReference; lastKnownFileType = wrapper.framework; path = LocalStorage.framework; sourceTree = "<group>"; };
		2847BCD9177D6AFE00067186 /* todo.txt */ = {isa = PBXFileReference; fileEncoding = 4; lastKnownFileType = text; path = todo.txt; sourceTree = "<group>"; };
		286DBC141786A0CF0079111B /* tran_sc4.sql */ = {isa = PBXFileReference; fileEncoding = 4; lastKnownFileType = text; path = tran_sc4.sql; sourceTree = "<group>"; };
		286DBC171786A3CA0079111B /* tran_sc5.sql */ = {isa = PBXFileReference; fileEncoding = 4; lastKnownFileType = text; path = tran_sc5.sql; sourceTree = "<group>"; };
		287733EA1782B17800991FC1 /* tc3.sql */ = {isa = PBXFileReference; fileEncoding = 4; lastKnownFileType = text; path = tc3.sql; sourceTree = "<group>"; };
		2878215A177971A100FF73B7 /* BankAccountTest.m */ = {isa = PBXFileReference; fileEncoding = 4; lastKnownFileType = sourcecode.c.objc; path = BankAccountTest.m; sourceTree = "<group>"; };
		28782160177971EE00FF73B7 /* BankAccount.h */ = {isa = PBXFileReference; fileEncoding = 4; lastKnownFileType = sourcecode.c.h; path = BankAccount.h; sourceTree = "<group>"; };
		28782161177971EE00FF73B7 /* BankAccount.m */ = {isa = PBXFileReference; fileEncoding = 4; lastKnownFileType = sourcecode.c.objc; path = BankAccount.m; sourceTree = "<group>"; };
		287821631779726300FF73B7 /* AccountDAO.h */ = {isa = PBXFileReference; fileEncoding = 4; lastKnownFileType = sourcecode.c.h; path = AccountDAO.h; sourceTree = "<group>"; };
		287821641779726300FF73B7 /* AccountDAO.m */ = {isa = PBXFileReference; fileEncoding = 4; lastKnownFileType = sourcecode.c.objc; path = AccountDAO.m; sourceTree = "<group>"; };
		28782166177973DB00FF73B7 /* Account.h */ = {isa = PBXFileReference; fileEncoding = 4; lastKnownFileType = sourcecode.c.h; path = Account.h; sourceTree = "<group>"; };
		28782167177973DB00FF73B7 /* Account.m */ = {isa = PBXFileReference; fileEncoding = 4; lastKnownFileType = sourcecode.c.objc; path = Account.m; sourceTree = "<group>"; };
		287AA094177AC7320075AD5A /* Transaction.h */ = {isa = PBXFileReference; fileEncoding = 4; lastKnownFileType = sourcecode.c.h; path = Transaction.h; sourceTree = "<group>"; };
		287AA095177AC7320075AD5A /* Transaction.m */ = {isa = PBXFileReference; fileEncoding = 4; lastKnownFileType = sourcecode.c.objc; path = Transaction.m; sourceTree = "<group>"; };
		287AA097177AC7E30075AD5A /* TransactionDAO.h */ = {isa = PBXFileReference; fileEncoding = 4; lastKnownFileType = sourcecode.c.h; path = TransactionDAO.h; sourceTree = "<group>"; };
		287AA098177AC7E30075AD5A /* TransactionDAO.m */ = {isa = PBXFileReference; fileEncoding = 4; lastKnownFileType = sourcecode.c.objc; path = TransactionDAO.m; sourceTree = "<group>"; };
		287FE84617855130009982D8 /* tran_sc2.sql */ = {isa = PBXFileReference; fileEncoding = 4; lastKnownFileType = text; path = tran_sc2.sql; sourceTree = "<group>"; };
		287FE84917855570009982D8 /* tran_sc3.sql */ = {isa = PBXFileReference; fileEncoding = 4; lastKnownFileType = text; path = tran_sc3.sql; sourceTree = "<group>"; };
		288F19911783FD600058EFE0 /* TransactionDAOTest.m */ = {isa = PBXFileReference; fileEncoding = 4; lastKnownFileType = sourcecode.c.objc; path = TransactionDAOTest.m; sourceTree = "<group>"; };
		288F1993178401630058EFE0 /* tran_sc1.sql */ = {isa = PBXFileReference; fileEncoding = 4; lastKnownFileType = text; path = tran_sc1.sql; sourceTree = "<group>"; };
		28A2F4B517815B2D00F2A40C /* AccountDAOTest.m */ = {isa = PBXFileReference; fileEncoding = 4; lastKnownFileType = sourcecode.c.objc; path = AccountDAOTest.m; sourceTree = "<group>"; };
		28A2F4BB17815CFB00F2A40C /* libsqlite3.dylib */ = {isa = PBXFileReference; lastKnownFileType = "compiled.mach-o.dylib"; name = libsqlite3.dylib; path = usr/lib/libsqlite3.dylib; sourceTree = SDKROOT; };
		28A2F4BE17815F9800F2A40C /* tc2.sql */ = {isa = PBXFileReference; fileEncoding = 4; lastKnownFileType = text; path = tc2.sql; sourceTree = "<group>"; };
		28A2F4C117815FAD00F2A40C /* tc1.sql */ = {isa = PBXFileReference; fileEncoding = 4; lastKnownFileType = text; path = tc1.sql; sourceTree = "<group>"; };
		7FF58C7FC31D486697DFAA11 /* libPods-BankAccountTests.a */ = {isa = PBXFileReference; explicitFileType = archive.ar; includeInIndex = 0; path = "libPods-BankAccountTests.a"; sourceTree = BUILT_PRODUCTS_DIR; };
		B8E57CADD6564ACF8EE66147 /* Pods-BankAccountTests.xcconfig */ = {isa = PBXFileReference; includeInIndex = 1; lastKnownFileType = text.xcconfig; name = "Pods-BankAccountTests.xcconfig"; path = "Pods/Pods-BankAccountTests.xcconfig"; sourceTree = SOURCE_ROOT; };
/* End PBXFileReference section */

/* Begin PBXFrameworksBuildPhase section */
		2829967517782CB700C64C5F /* Frameworks */ = {
			isa = PBXFrameworksBuildPhase;
			buildActionMask = 2147483647;
			files = (
				28A2F4BC17815CFB00F2A40C /* libsqlite3.dylib in Frameworks */,
				2829967C17782CB700C64C5F /* UIKit.framework in Frameworks */,
				2829967E17782CB700C64C5F /* Foundation.framework in Frameworks */,
				2829968017782CB700C64C5F /* CoreGraphics.framework in Frameworks */,
				2847BCD8177D6ADB00067186 /* LocalStorage.framework in Frameworks */,
			);
			runOnlyForDeploymentPostprocessing = 0;
		};
		2829969417782CB800C64C5F /* Frameworks */ = {
			isa = PBXFrameworksBuildPhase;
			buildActionMask = 2147483647;
			files = (
				2829969A17782CB800C64C5F /* SenTestingKit.framework in Frameworks */,
				2829969B17782CB800C64C5F /* UIKit.framework in Frameworks */,
				2829969C17782CB800C64C5F /* Foundation.framework in Frameworks */,
				73BC81F374FB470686E1D1A1 /* libPods-BankAccountTests.a in Frameworks */,
				28A2F4BA17815CE500F2A40C /* LocalStorage.framework in Frameworks */,
				28A2F4BD17815CFE00F2A40C /* libsqlite3.dylib in Frameworks */,
			);
			runOnlyForDeploymentPostprocessing = 0;
		};
/* End PBXFrameworksBuildPhase section */

/* Begin PBXGroup section */
		2829966F17782CB700C64C5F = {
			isa = PBXGroup;
			children = (
				28A2F4BB17815CFB00F2A40C /* libsqlite3.dylib */,
				2847BCD9177D6AFE00067186 /* todo.txt */,
				2829968117782CB700C64C5F /* BankAccount */,
				2829969F17782CB800C64C5F /* BankAccountTests */,
				2829967A17782CB700C64C5F /* Frameworks */,
				2829967917782CB700C64C5F /* Products */,
				B8E57CADD6564ACF8EE66147 /* Pods-BankAccountTests.xcconfig */,
			);
			sourceTree = "<group>";
		};
		2829967917782CB700C64C5F /* Products */ = {
			isa = PBXGroup;
			children = (
				2829967817782CB700C64C5F /* BankAccount.app */,
				2829969817782CB800C64C5F /* BankAccountTests.octest */,
			);
			name = Products;
			sourceTree = "<group>";
		};
		2829967A17782CB700C64C5F /* Frameworks */ = {
			isa = PBXGroup;
			children = (
				2847BCD7177D6ADB00067186 /* LocalStorage.framework */,
				2829967B17782CB700C64C5F /* UIKit.framework */,
				2829967D17782CB700C64C5F /* Foundation.framework */,
				2829967F17782CB700C64C5F /* CoreGraphics.framework */,
				2829969917782CB800C64C5F /* SenTestingKit.framework */,
				7FF58C7FC31D486697DFAA11 /* libPods-BankAccountTests.a */,
			);
			name = Frameworks;
			sourceTree = "<group>";
		};
		2829968117782CB700C64C5F /* BankAccount */ = {
			isa = PBXGroup;
			children = (
				2878215D177971D700FF73B7 /* Data */,
				2878215C177971D000FF73B7 /* Business */,
				2829968A17782CB700C64C5F /* AppDelegate.h */,
				2829968B17782CB700C64C5F /* AppDelegate.m */,
				2829968217782CB700C64C5F /* Supporting Files */,
			);
			path = BankAccount;
			sourceTree = "<group>";
		};
		2829968217782CB700C64C5F /* Supporting Files */ = {
			isa = PBXGroup;
			children = (
				2829968317782CB700C64C5F /* BankAccount-Info.plist */,
				2829968417782CB700C64C5F /* InfoPlist.strings */,
				2829968717782CB700C64C5F /* main.m */,
				2829968917782CB700C64C5F /* BankAccount-Prefix.pch */,
				2829968D17782CB700C64C5F /* Default.png */,
				2829968F17782CB700C64C5F /* Default@2x.png */,
				2829969117782CB700C64C5F /* Default-568h@2x.png */,
			);
			name = "Supporting Files";
			sourceTree = "<group>";
		};
		2829969F17782CB800C64C5F /* BankAccountTests */ = {
			isa = PBXGroup;
			children = (
				28A2F4B317815B1500F2A40C /* Data */,
				287821591779718600FF73B7 /* Business */,
				282996A017782CB800C64C5F /* Supporting Files */,
			);
			path = BankAccountTests;
			sourceTree = "<group>";
		};
		282996A017782CB800C64C5F /* Supporting Files */ = {
			isa = PBXGroup;
			children = (
				287FE84617855130009982D8 /* tran_sc2.sql */,
				288F1993178401630058EFE0 /* tran_sc1.sql */,
				28A2F4C117815FAD00F2A40C /* tc1.sql */,
				28A2F4BE17815F9800F2A40C /* tc2.sql */,
				287733EA1782B17800991FC1 /* tc3.sql */,
				282996A117782CB800C64C5F /* BankAccountTests-Info.plist */,
				282996A217782CB800C64C5F /* InfoPlist.strings */,
				287FE84917855570009982D8 /* tran_sc3.sql */,
				286DBC141786A0CF0079111B /* tran_sc4.sql */,
				286DBC171786A3CA0079111B /* tran_sc5.sql */,
			);
			name = "Supporting Files";
			sourceTree = "<group>";
		};
		287821591779718600FF73B7 /* Business */ = {
			isa = PBXGroup;
			children = (
				2878215A177971A100FF73B7 /* BankAccountTest.m */,
			);
			path = Business;
			sourceTree = "<group>";
		};
		2878215C177971D000FF73B7 /* Business */ = {
			isa = PBXGroup;
			children = (
				28782160177971EE00FF73B7 /* BankAccount.h */,
				28782161177971EE00FF73B7 /* BankAccount.m */,
			);
			path = Business;
			sourceTree = "<group>";
		};
		2878215D177971D700FF73B7 /* Data */ = {
			isa = PBXGroup;
			children = (
				2878215E177971D700FF73B7 /* DAO */,
				2878215F177971D700FF73B7 /* Model */,
			);
			path = Data;
			sourceTree = "<group>";
		};
		2878215E177971D700FF73B7 /* DAO */ = {
			isa = PBXGroup;
			children = (
				287821631779726300FF73B7 /* AccountDAO.h */,
				287821641779726300FF73B7 /* AccountDAO.m */,
				287AA097177AC7E30075AD5A /* TransactionDAO.h */,
				287AA098177AC7E30075AD5A /* TransactionDAO.m */,
			);
			path = DAO;
			sourceTree = "<group>";
		};
		2878215F177971D700FF73B7 /* Model */ = {
			isa = PBXGroup;
			children = (
				28782166177973DB00FF73B7 /* Account.h */,
				28782167177973DB00FF73B7 /* Account.m */,
				287AA094177AC7320075AD5A /* Transaction.h */,
				287AA095177AC7320075AD5A /* Transaction.m */,
			);
			path = Model;
			sourceTree = "<group>";
		};
		28A2F4B317815B1500F2A40C /* Data */ = {
			isa = PBXGroup;
			children = (
				28A2F4B417815B1500F2A40C /* DAO */,
			);
			path = Data;
			sourceTree = "<group>";
		};
		28A2F4B417815B1500F2A40C /* DAO */ = {
			isa = PBXGroup;
			children = (
				28A2F4B517815B2D00F2A40C /* AccountDAOTest.m */,
				288F19911783FD600058EFE0 /* TransactionDAOTest.m */,
			);
			path = DAO;
			sourceTree = "<group>";
		};
/* End PBXGroup section */

/* Begin PBXNativeTarget section */
		2829967717782CB700C64C5F /* BankAccount */ = {
			isa = PBXNativeTarget;
			buildConfigurationList = 282996AA17782CB800C64C5F /* Build configuration list for PBXNativeTarget "BankAccount" */;
			buildPhases = (
				2829967417782CB700C64C5F /* Sources */,
				2829967517782CB700C64C5F /* Frameworks */,
				2829967617782CB700C64C5F /* Resources */,
			);
			buildRules = (
			);
			dependencies = (
			);
			name = BankAccount;
			productName = BankAccount;
			productReference = 2829967817782CB700C64C5F /* BankAccount.app */;
			productType = "com.apple.product-type.application";
		};
		2829969717782CB800C64C5F /* BankAccountTests */ = {
			isa = PBXNativeTarget;
			buildConfigurationList = 282996AD17782CB800C64C5F /* Build configuration list for PBXNativeTarget "BankAccountTests" */;
			buildPhases = (
				3886A127027B41D3B1CD82C4 /* Check Pods Manifest.lock */,
				2829969317782CB800C64C5F /* Sources */,
				2829969417782CB800C64C5F /* Frameworks */,
				2829969517782CB800C64C5F /* Resources */,
				2829969617782CB800C64C5F /* ShellScript */,
				8EDE62EED3F849519DC17C65 /* Copy Pods Resources */,
			);
			buildRules = (
			);
			dependencies = (
				2829969E17782CB800C64C5F /* PBXTargetDependency */,
			);
			name = BankAccountTests;
			productName = BankAccountTests;
			productReference = 2829969817782CB800C64C5F /* BankAccountTests.octest */;
			productType = "com.apple.product-type.bundle";
		};
/* End PBXNativeTarget section */

/* Begin PBXProject section */
		2829967017782CB700C64C5F /* Project object */ = {
			isa = PBXProject;
			attributes = {
				LastUpgradeCheck = 0460;
				ORGANIZATIONNAME = "El Nino";
			};
			buildConfigurationList = 2829967317782CB700C64C5F /* Build configuration list for PBXProject "BankAccount" */;
			compatibilityVersion = "Xcode 3.2";
			developmentRegion = English;
			hasScannedForEncodings = 0;
			knownRegions = (
				en,
			);
			mainGroup = 2829966F17782CB700C64C5F;
			productRefGroup = 2829967917782CB700C64C5F /* Products */;
			projectDirPath = "";
			projectRoot = "";
			targets = (
				2829967717782CB700C64C5F /* BankAccount */,
				2829969717782CB800C64C5F /* BankAccountTests */,
			);
		};
/* End PBXProject section */

/* Begin PBXResourcesBuildPhase section */
		2829967617782CB700C64C5F /* Resources */ = {
			isa = PBXResourcesBuildPhase;
			buildActionMask = 2147483647;
			files = (
				2829968617782CB700C64C5F /* InfoPlist.strings in Resources */,
				2829968E17782CB700C64C5F /* Default.png in Resources */,
				2829969017782CB700C64C5F /* Default@2x.png in Resources */,
				2829969217782CB700C64C5F /* Default-568h@2x.png in Resources */,
				2847BCDA177D6AFE00067186 /* todo.txt in Resources */,
				28A2F4BF17815F9800F2A40C /* tc2.sql in Resources */,
				28A2F4C217815FAD00F2A40C /* tc1.sql in Resources */,
				287733EB1782B17800991FC1 /* tc3.sql in Resources */,
				288F1994178401630058EFE0 /* tran_sc1.sql in Resources */,
				287FE84717855130009982D8 /* tran_sc2.sql in Resources */,
				287FE84A17855571009982D8 /* tran_sc3.sql in Resources */,
				286DBC151786A0CF0079111B /* tran_sc4.sql in Resources */,
				286DBC181786A3CA0079111B /* tran_sc5.sql in Resources */,
			);
			runOnlyForDeploymentPostprocessing = 0;
		};
		2829969517782CB800C64C5F /* Resources */ = {
			isa = PBXResourcesBuildPhase;
			buildActionMask = 2147483647;
			files = (
				282996A417782CB800C64C5F /* InfoPlist.strings in Resources */,
				28A2F4C017815F9800F2A40C /* tc2.sql in Resources */,
				28A2F4C317815FAD00F2A40C /* tc1.sql in Resources */,
				287733EC1782B17800991FC1 /* tc3.sql in Resources */,
				288F1995178401630058EFE0 /* tran_sc1.sql in Resources */,
				287FE84817855130009982D8 /* tran_sc2.sql in Resources */,
				287FE84B17855571009982D8 /* tran_sc3.sql in Resources */,
				286DBC161786A0CF0079111B /* tran_sc4.sql in Resources */,
				286DBC191786A3CA0079111B /* tran_sc5.sql in Resources */,
			);
			runOnlyForDeploymentPostprocessing = 0;
		};
/* End PBXResourcesBuildPhase section */

/* Begin PBXShellScriptBuildPhase section */
		2829969617782CB800C64C5F /* ShellScript */ = {
			isa = PBXShellScriptBuildPhase;
			buildActionMask = 2147483647;
			files = (
			);
			inputPaths = (
			);
			outputPaths = (
			);
			runOnlyForDeploymentPostprocessing = 0;
			shellPath = /bin/sh;
			shellScript = "# Run the unit tests in this test bundle.\n\"${SYSTEM_DEVELOPER_DIR}/Tools/RunUnitTests\"\n";
		};
		3886A127027B41D3B1CD82C4 /* Check Pods Manifest.lock */ = {
			isa = PBXShellScriptBuildPhase;
			buildActionMask = 2147483647;
			files = (
			);
			inputPaths = (
			);
			name = "Check Pods Manifest.lock";
			outputPaths = (
			);
			runOnlyForDeploymentPostprocessing = 0;
			shellPath = /bin/sh;
			shellScript = "diff \"${PODS_ROOT}/../Podfile.lock\" \"${PODS_ROOT}/Manifest.lock\" > /dev/null\nif [[ $? != 0 ]] ; then\n    cat << EOM\nerror: The sandbox is not in sync with the Podfile.lock. Run 'pod install' or update your CocoaPods installation.\nEOM\n    exit 1\nfi\n";
		};
		8EDE62EED3F849519DC17C65 /* Copy Pods Resources */ = {
			isa = PBXShellScriptBuildPhase;
			buildActionMask = 2147483647;
			files = (
			);
			inputPaths = (
			);
			name = "Copy Pods Resources";
			outputPaths = (
			);
			runOnlyForDeploymentPostprocessing = 0;
			shellPath = /bin/sh;
			shellScript = "\"${SRCROOT}/Pods/Pods-BankAccountTests-resources.sh\"\n";
		};
/* End PBXShellScriptBuildPhase section */

/* Begin PBXSourcesBuildPhase section */
		2829967417782CB700C64C5F /* Sources */ = {
			isa = PBXSourcesBuildPhase;
			buildActionMask = 2147483647;
			files = (
				2829968817782CB700C64C5F /* main.m in Sources */,
				2829968C17782CB700C64C5F /* AppDelegate.m in Sources */,
				28782162177971EE00FF73B7 /* BankAccount.m in Sources */,
				287821651779726300FF73B7 /* AccountDAO.m in Sources */,
				28782168177973DB00FF73B7 /* Account.m in Sources */,
				287AA096177AC7320075AD5A /* Transaction.m in Sources */,
				287AA099177AC7E30075AD5A /* TransactionDAO.m in Sources */,
			);
			runOnlyForDeploymentPostprocessing = 0;
		};
		2829969317782CB800C64C5F /* Sources */ = {
			isa = PBXSourcesBuildPhase;
			buildActionMask = 2147483647;
			files = (
				2878215B177971A100FF73B7 /* BankAccountTest.m in Sources */,
				28A2F4B617815B2D00F2A40C /* AccountDAOTest.m in Sources */,
				288F19921783FD600058EFE0 /* TransactionDAOTest.m in Sources */,
			);
			runOnlyForDeploymentPostprocessing = 0;
		};
/* End PBXSourcesBuildPhase section */

/* Begin PBXTargetDependency section */
		2829969E17782CB800C64C5F /* PBXTargetDependency */ = {
			isa = PBXTargetDependency;
			target = 2829967717782CB700C64C5F /* BankAccount */;
			targetProxy = 2829969D17782CB800C64C5F /* PBXContainerItemProxy */;
		};
/* End PBXTargetDependency section */

/* Begin PBXVariantGroup section */
		2829968417782CB700C64C5F /* InfoPlist.strings */ = {
			isa = PBXVariantGroup;
			children = (
				2829968517782CB700C64C5F /* en */,
			);
			name = InfoPlist.strings;
			sourceTree = "<group>";
		};
		282996A217782CB800C64C5F /* InfoPlist.strings */ = {
			isa = PBXVariantGroup;
			children = (
				282996A317782CB800C64C5F /* en */,
			);
			name = InfoPlist.strings;
			sourceTree = "<group>";
		};
/* End PBXVariantGroup section */

/* Begin XCBuildConfiguration section */
		282996A817782CB800C64C5F /* Debug */ = {
			isa = XCBuildConfiguration;
			buildSettings = {
				ALWAYS_SEARCH_USER_PATHS = NO;
				CLANG_CXX_LANGUAGE_STANDARD = "gnu++0x";
				CLANG_CXX_LIBRARY = "libc++";
				CLANG_ENABLE_OBJC_ARC = YES;
				CLANG_WARN_CONSTANT_CONVERSION = YES;
				CLANG_WARN_EMPTY_BODY = YES;
				CLANG_WARN_ENUM_CONVERSION = YES;
				CLANG_WARN_INT_CONVERSION = YES;
				CLANG_WARN__DUPLICATE_METHOD_MATCH = YES;
				"CODE_SIGN_IDENTITY[sdk=iphoneos*]" = "iPhone Developer";
				COPY_PHASE_STRIP = NO;
				GCC_C_LANGUAGE_STANDARD = gnu99;
				GCC_DYNAMIC_NO_PIC = NO;
				GCC_OPTIMIZATION_LEVEL = 0;
				GCC_PREPROCESSOR_DEFINITIONS = (
					"DEBUG=1",
					"$(inherited)",
				);
				GCC_SYMBOLS_PRIVATE_EXTERN = NO;
				GCC_WARN_ABOUT_RETURN_TYPE = YES;
				GCC_WARN_UNINITIALIZED_AUTOS = YES;
				GCC_WARN_UNUSED_VARIABLE = YES;
				IPHONEOS_DEPLOYMENT_TARGET = 6.1;
				ONLY_ACTIVE_ARCH = YES;
				SDKROOT = iphoneos;
			};
			name = Debug;
		};
		282996A917782CB800C64C5F /* Release */ = {
			isa = XCBuildConfiguration;
			buildSettings = {
				ALWAYS_SEARCH_USER_PATHS = NO;
				CLANG_CXX_LANGUAGE_STANDARD = "gnu++0x";
				CLANG_CXX_LIBRARY = "libc++";
				CLANG_ENABLE_OBJC_ARC = YES;
				CLANG_WARN_CONSTANT_CONVERSION = YES;
				CLANG_WARN_EMPTY_BODY = YES;
				CLANG_WARN_ENUM_CONVERSION = YES;
				CLANG_WARN_INT_CONVERSION = YES;
				CLANG_WARN__DUPLICATE_METHOD_MATCH = YES;
				"CODE_SIGN_IDENTITY[sdk=iphoneos*]" = "iPhone Developer";
				COPY_PHASE_STRIP = YES;
				GCC_C_LANGUAGE_STANDARD = gnu99;
				GCC_WARN_ABOUT_RETURN_TYPE = YES;
				GCC_WARN_UNINITIALIZED_AUTOS = YES;
				GCC_WARN_UNUSED_VARIABLE = YES;
				IPHONEOS_DEPLOYMENT_TARGET = 6.1;
				OTHER_CFLAGS = "-DNS_BLOCK_ASSERTIONS=1";
				SDKROOT = iphoneos;
				VALIDATE_PRODUCT = YES;
			};
			name = Release;
		};
		282996AB17782CB800C64C5F /* Debug */ = {
			isa = XCBuildConfiguration;
			buildSettings = {
				FRAMEWORK_SEARCH_PATHS = (
					"$(inherited)",
					"\"$(SRCROOT)\"",
				);
				GCC_PRECOMPILE_PREFIX_HEADER = YES;
				GCC_PREFIX_HEADER = "BankAccount/BankAccount-Prefix.pch";
				INFOPLIST_FILE = "BankAccount/BankAccount-Info.plist";
				PRODUCT_NAME = "$(TARGET_NAME)";
				WRAPPER_EXTENSION = app;
			};
			name = Debug;
		};
		282996AC17782CB800C64C5F /* Release */ = {
			isa = XCBuildConfiguration;
			buildSettings = {
				FRAMEWORK_SEARCH_PATHS = (
					"$(inherited)",
					"\"$(SRCROOT)\"",
				);
				GCC_PRECOMPILE_PREFIX_HEADER = YES;
				GCC_PREFIX_HEADER = "BankAccount/BankAccount-Prefix.pch";
				INFOPLIST_FILE = "BankAccount/BankAccount-Info.plist";
				PRODUCT_NAME = "$(TARGET_NAME)";
				WRAPPER_EXTENSION = app;
			};
			name = Release;
		};
		282996AE17782CB800C64C5F /* Debug */ = {
			isa = XCBuildConfiguration;
			baseConfigurationReference = B8E57CADD6564ACF8EE66147 /* Pods-BankAccountTests.xcconfig */;
			buildSettings = {
				BUNDLE_LOADER = "$(BUILT_PRODUCTS_DIR)/BankAccount.app/BankAccount";
				FRAMEWORK_SEARCH_PATHS = (
					"\"$(SDKROOT)/Developer/Library/Frameworks\"",
					"\"$(DEVELOPER_LIBRARY_DIR)/Frameworks\"",
					"\"$(SRCROOT)\"",
				);
				GCC_PRECOMPILE_PREFIX_HEADER = YES;
				GCC_PREFIX_HEADER = "BankAccount/BankAccount-Prefix.pch";
				INFOPLIST_FILE = "BankAccountTests/BankAccountTests-Info.plist";
				PRODUCT_NAME = "$(TARGET_NAME)";
				TEST_HOST = "$(BUNDLE_LOADER)";
				WRAPPER_EXTENSION = octest;
			};
			name = Debug;
		};
		282996AF17782CB800C64C5F /* Release */ = {
			isa = XCBuildConfiguration;
			baseConfigurationReference = B8E57CADD6564ACF8EE66147 /* Pods-BankAccountTests.xcconfig */;
			buildSettings = {
				BUNDLE_LOADER = "$(BUILT_PRODUCTS_DIR)/BankAccount.app/BankAccount";
				FRAMEWORK_SEARCH_PATHS = (
					"\"$(SDKROOT)/Developer/Library/Frameworks\"",
					"\"$(DEVELOPER_LIBRARY_DIR)/Frameworks\"",
					"\"$(SRCROOT)\"",
				);
				GCC_PRECOMPILE_PREFIX_HEADER = YES;
				GCC_PREFIX_HEADER = "BankAccount/BankAccount-Prefix.pch";
				INFOPLIST_FILE = "BankAccountTests/BankAccountTests-Info.plist";
				PRODUCT_NAME = "$(TARGET_NAME)";
				TEST_HOST = "$(BUNDLE_LOADER)";
				WRAPPER_EXTENSION = octest;
			};
			name = Release;
		};
/* End XCBuildConfiguration section */

/* Begin XCConfigurationList section */
		2829967317782CB700C64C5F /* Build configuration list for PBXProject "BankAccount" */ = {
			isa = XCConfigurationList;
			buildConfigurations = (
				282996A817782CB800C64C5F /* Debug */,
				282996A917782CB800C64C5F /* Release */,
			);
			defaultConfigurationIsVisible = 0;
			defaultConfigurationName = Release;
		};
		282996AA17782CB800C64C5F /* Build configuration list for PBXNativeTarget "BankAccount" */ = {
			isa = XCConfigurationList;
			buildConfigurations = (
				282996AB17782CB800C64C5F /* Debug */,
				282996AC17782CB800C64C5F /* Release */,
			);
			defaultConfigurationIsVisible = 0;
			defaultConfigurationName = Release;
		};
		282996AD17782CB800C64C5F /* Build configuration list for PBXNativeTarget "BankAccountTests" */ = {
			isa = XCConfigurationList;
			buildConfigurations = (
				282996AE17782CB800C64C5F /* Debug */,
				282996AF17782CB800C64C5F /* Release */,
			);
			defaultConfigurationIsVisible = 0;
			defaultConfigurationName = Release;
		};
/* End XCConfigurationList section */
	};
	rootObject = 2829967017782CB700C64C5F /* Project object */;
}
