// !$*UTF8*$!
{
	archiveVersion = 1;
	classes = {
	};
	objectVersion = 46;
	objects = {

/* Begin PBXBuildFile section */
		12E4A6673A854E1190ED9774 /* libPods-BankAccountTests.a in Frameworks */ = {isa = PBXBuildFile; fileRef = B7D5E7EBF3004A01AE46E53F /* libPods-BankAccountTests.a */; };
		2807720B1761BD0B008F8E5C /* UIKit.framework in Frameworks */ = {isa = PBXBuildFile; fileRef = 2807720A1761BD0B008F8E5C /* UIKit.framework */; };
		2807720D1761BD0B008F8E5C /* Foundation.framework in Frameworks */ = {isa = PBXBuildFile; fileRef = 2807720C1761BD0B008F8E5C /* Foundation.framework */; };
		2807720F1761BD0B008F8E5C /* CoreGraphics.framework in Frameworks */ = {isa = PBXBuildFile; fileRef = 2807720E1761BD0B008F8E5C /* CoreGraphics.framework */; };
		280772151761BD0B008F8E5C /* InfoPlist.strings in Resources */ = {isa = PBXBuildFile; fileRef = 280772131761BD0B008F8E5C /* InfoPlist.strings */; };
		280772171761BD0B008F8E5C /* main.m in Sources */ = {isa = PBXBuildFile; fileRef = 280772161761BD0B008F8E5C /* main.m */; };
		2807721B1761BD0B008F8E5C /* AppDelegate.m in Sources */ = {isa = PBXBuildFile; fileRef = 2807721A1761BD0B008F8E5C /* AppDelegate.m */; };
		2807721D1761BD0C008F8E5C /* Default.png in Resources */ = {isa = PBXBuildFile; fileRef = 2807721C1761BD0C008F8E5C /* Default.png */; };
		2807721F1761BD0C008F8E5C /* Default@2x.png in Resources */ = {isa = PBXBuildFile; fileRef = 2807721E1761BD0C008F8E5C /* Default@2x.png */; };
		280772211761BD0C008F8E5C /* Default-568h@2x.png in Resources */ = {isa = PBXBuildFile; fileRef = 280772201761BD0C008F8E5C /* Default-568h@2x.png */; };
		280772291761BD0C008F8E5C /* SenTestingKit.framework in Frameworks */ = {isa = PBXBuildFile; fileRef = 280772281761BD0C008F8E5C /* SenTestingKit.framework */; };
		2807722A1761BD0C008F8E5C /* UIKit.framework in Frameworks */ = {isa = PBXBuildFile; fileRef = 2807720A1761BD0B008F8E5C /* UIKit.framework */; };
		2807722B1761BD0C008F8E5C /* Foundation.framework in Frameworks */ = {isa = PBXBuildFile; fileRef = 2807720C1761BD0B008F8E5C /* Foundation.framework */; };
		280772331761BD0C008F8E5C /* InfoPlist.strings in Resources */ = {isa = PBXBuildFile; fileRef = 280772311761BD0C008F8E5C /* InfoPlist.strings */; };
		F4358467ACAD4ECDB679B674 /* libPods.a in Frameworks */ = {isa = PBXBuildFile; fileRef = 07459FB3F3904503AFC272EC /* libPods.a */; };
/* End PBXBuildFile section */

/* Begin PBXContainerItemProxy section */
		2807722C1761BD0C008F8E5C /* PBXContainerItemProxy */ = {
			isa = PBXContainerItemProxy;
			containerPortal = 280771FF1761BD0B008F8E5C /* Project object */;
			proxyType = 1;
			remoteGlobalIDString = 280772061761BD0B008F8E5C;
			remoteInfo = BankAccount;
		};
/* End PBXContainerItemProxy section */

/* Begin PBXFileReference section */
		07459FB3F3904503AFC272EC /* libPods.a */ = {isa = PBXFileReference; explicitFileType = archive.ar; includeInIndex = 0; path = libPods.a; sourceTree = BUILT_PRODUCTS_DIR; };
		1BA6F3786E194C4794BC9EB1 /* Pods.xcconfig */ = {isa = PBXFileReference; includeInIndex = 1; lastKnownFileType = text.xcconfig; name = Pods.xcconfig; path = Pods/Pods.xcconfig; sourceTree = SOURCE_ROOT; };
		280772071761BD0B008F8E5C /* BankAccount.app */ = {isa = PBXFileReference; explicitFileType = wrapper.application; includeInIndex = 0; path = BankAccount.app; sourceTree = BUILT_PRODUCTS_DIR; };
		2807720A1761BD0B008F8E5C /* UIKit.framework */ = {isa = PBXFileReference; lastKnownFileType = wrapper.framework; name = UIKit.framework; path = System/Library/Frameworks/UIKit.framework; sourceTree = SDKROOT; };
		2807720C1761BD0B008F8E5C /* Foundation.framework */ = {isa = PBXFileReference; lastKnownFileType = wrapper.framework; name = Foundation.framework; path = System/Library/Frameworks/Foundation.framework; sourceTree = SDKROOT; };
		2807720E1761BD0B008F8E5C /* CoreGraphics.framework */ = {isa = PBXFileReference; lastKnownFileType = wrapper.framework; name = CoreGraphics.framework; path = System/Library/Frameworks/CoreGraphics.framework; sourceTree = SDKROOT; };
		280772121761BD0B008F8E5C /* BankAccount-Info.plist */ = {isa = PBXFileReference; lastKnownFileType = text.plist.xml; path = "BankAccount-Info.plist"; sourceTree = "<group>"; };
		280772141761BD0B008F8E5C /* en */ = {isa = PBXFileReference; lastKnownFileType = text.plist.strings; name = en; path = en.lproj/InfoPlist.strings; sourceTree = "<group>"; };
		280772161761BD0B008F8E5C /* main.m */ = {isa = PBXFileReference; lastKnownFileType = sourcecode.c.objc; path = main.m; sourceTree = "<group>"; };
		280772181761BD0B008F8E5C /* BankAccount-Prefix.pch */ = {isa = PBXFileReference; lastKnownFileType = sourcecode.c.h; path = "BankAccount-Prefix.pch"; sourceTree = "<group>"; };
		280772191761BD0B008F8E5C /* AppDelegate.h */ = {isa = PBXFileReference; lastKnownFileType = sourcecode.c.h; path = AppDelegate.h; sourceTree = "<group>"; };
		2807721A1761BD0B008F8E5C /* AppDelegate.m */ = {isa = PBXFileReference; lastKnownFileType = sourcecode.c.objc; path = AppDelegate.m; sourceTree = "<group>"; };
		2807721C1761BD0C008F8E5C /* Default.png */ = {isa = PBXFileReference; lastKnownFileType = image.png; path = Default.png; sourceTree = "<group>"; };
		2807721E1761BD0C008F8E5C /* Default@2x.png */ = {isa = PBXFileReference; lastKnownFileType = image.png; path = "Default@2x.png"; sourceTree = "<group>"; };
		280772201761BD0C008F8E5C /* Default-568h@2x.png */ = {isa = PBXFileReference; lastKnownFileType = image.png; path = "Default-568h@2x.png"; sourceTree = "<group>"; };
		280772271761BD0C008F8E5C /* BankAccountTests.octest */ = {isa = PBXFileReference; explicitFileType = wrapper.cfbundle; includeInIndex = 0; path = BankAccountTests.octest; sourceTree = BUILT_PRODUCTS_DIR; };
		280772281761BD0C008F8E5C /* SenTestingKit.framework */ = {isa = PBXFileReference; lastKnownFileType = wrapper.framework; name = SenTestingKit.framework; path = Library/Frameworks/SenTestingKit.framework; sourceTree = DEVELOPER_DIR; };
		280772301761BD0C008F8E5C /* BankAccountTests-Info.plist */ = {isa = PBXFileReference; lastKnownFileType = text.plist.xml; path = "BankAccountTests-Info.plist"; sourceTree = "<group>"; };
		280772321761BD0C008F8E5C /* en */ = {isa = PBXFileReference; lastKnownFileType = text.plist.strings; name = en; path = en.lproj/InfoPlist.strings; sourceTree = "<group>"; };
		B7D5E7EBF3004A01AE46E53F /* libPods-BankAccountTests.a */ = {isa = PBXFileReference; explicitFileType = archive.ar; includeInIndex = 0; path = "libPods-BankAccountTests.a"; sourceTree = BUILT_PRODUCTS_DIR; };
		C60319E3BE654BFFB4368CAF /* Pods-BankAccountTests.xcconfig */ = {isa = PBXFileReference; includeInIndex = 1; lastKnownFileType = text.xcconfig; name = "Pods-BankAccountTests.xcconfig"; path = "Pods/Pods-BankAccountTests.xcconfig"; sourceTree = SOURCE_ROOT; };
/* End PBXFileReference section */

/* Begin PBXFrameworksBuildPhase section */
		280772041761BD0B008F8E5C /* Frameworks */ = {
			isa = PBXFrameworksBuildPhase;
			buildActionMask = 2147483647;
			files = (
				2807720B1761BD0B008F8E5C /* UIKit.framework in Frameworks */,
				2807720D1761BD0B008F8E5C /* Foundation.framework in Frameworks */,
				2807720F1761BD0B008F8E5C /* CoreGraphics.framework in Frameworks */,
				F4358467ACAD4ECDB679B674 /* libPods.a in Frameworks */,
			);
			runOnlyForDeploymentPostprocessing = 0;
		};
		280772231761BD0C008F8E5C /* Frameworks */ = {
			isa = PBXFrameworksBuildPhase;
			buildActionMask = 2147483647;
			files = (
				280772291761BD0C008F8E5C /* SenTestingKit.framework in Frameworks */,
				2807722A1761BD0C008F8E5C /* UIKit.framework in Frameworks */,
				2807722B1761BD0C008F8E5C /* Foundation.framework in Frameworks */,
				12E4A6673A854E1190ED9774 /* libPods-BankAccountTests.a in Frameworks */,
			);
			runOnlyForDeploymentPostprocessing = 0;
		};
/* End PBXFrameworksBuildPhase section */

/* Begin PBXGroup section */
		280771FE1761BD0B008F8E5C = {
			isa = PBXGroup;
			children = (
				280772101761BD0B008F8E5C /* BankAccount */,
				2807722E1761BD0C008F8E5C /* BankAccountTests */,
				280772091761BD0B008F8E5C /* Frameworks */,
				280772081761BD0B008F8E5C /* Products */,
				1BA6F3786E194C4794BC9EB1 /* Pods.xcconfig */,
				C60319E3BE654BFFB4368CAF /* Pods-BankAccountTests.xcconfig */,
			);
			sourceTree = "<group>";
		};
		280772081761BD0B008F8E5C /* Products */ = {
			isa = PBXGroup;
			children = (
				280772071761BD0B008F8E5C /* BankAccount.app */,
				280772271761BD0C008F8E5C /* BankAccountTests.octest */,
			);
			name = Products;
			sourceTree = "<group>";
		};
		280772091761BD0B008F8E5C /* Frameworks */ = {
			isa = PBXGroup;
			children = (
				2807720A1761BD0B008F8E5C /* UIKit.framework */,
				2807720C1761BD0B008F8E5C /* Foundation.framework */,
				2807720E1761BD0B008F8E5C /* CoreGraphics.framework */,
				280772281761BD0C008F8E5C /* SenTestingKit.framework */,
				07459FB3F3904503AFC272EC /* libPods.a */,
				B7D5E7EBF3004A01AE46E53F /* libPods-BankAccountTests.a */,
			);
			name = Frameworks;
			sourceTree = "<group>";
		};
		280772101761BD0B008F8E5C /* BankAccount */ = {
			isa = PBXGroup;
			children = (
				280772191761BD0B008F8E5C /* AppDelegate.h */,
				2807721A1761BD0B008F8E5C /* AppDelegate.m */,
				280772111761BD0B008F8E5C /* Supporting Files */,
			);
			path = BankAccount;
			sourceTree = "<group>";
		};
		280772111761BD0B008F8E5C /* Supporting Files */ = {
			isa = PBXGroup;
			children = (
				280772121761BD0B008F8E5C /* BankAccount-Info.plist */,
				280772131761BD0B008F8E5C /* InfoPlist.strings */,
				280772161761BD0B008F8E5C /* main.m */,
				280772181761BD0B008F8E5C /* BankAccount-Prefix.pch */,
				2807721C1761BD0C008F8E5C /* Default.png */,
				2807721E1761BD0C008F8E5C /* Default@2x.png */,
				280772201761BD0C008F8E5C /* Default-568h@2x.png */,
			);
			name = "Supporting Files";
			sourceTree = "<group>";
		};
		2807722E1761BD0C008F8E5C /* BankAccountTests */ = {
			isa = PBXGroup;
			children = (
				2807722F1761BD0C008F8E5C /* Supporting Files */,
			);
			path = BankAccountTests;
			sourceTree = "<group>";
		};
		2807722F1761BD0C008F8E5C /* Supporting Files */ = {
			isa = PBXGroup;
			children = (
				280772301761BD0C008F8E5C /* BankAccountTests-Info.plist */,
				280772311761BD0C008F8E5C /* InfoPlist.strings */,
			);
			name = "Supporting Files";
			sourceTree = "<group>";
		};
/* End PBXGroup section */

/* Begin PBXNativeTarget section */
		280772061761BD0B008F8E5C /* BankAccount */ = {
			isa = PBXNativeTarget;
			buildConfigurationList = 280772391761BD0C008F8E5C /* Build configuration list for PBXNativeTarget "BankAccount" */;
			buildPhases = (
				EAEB5ACE42EA455A9BA9B528 /* Check Pods Manifest.lock */,
				280772031761BD0B008F8E5C /* Sources */,
				280772041761BD0B008F8E5C /* Frameworks */,
				280772051761BD0B008F8E5C /* Resources */,
				19548AECFECF4BACAB6749B8 /* Copy Pods Resources */,
			);
			buildRules = (
			);
			dependencies = (
			);
			name = BankAccount;
			productName = BankAccount;
			productReference = 280772071761BD0B008F8E5C /* BankAccount.app */;
			productType = "com.apple.product-type.application";
		};
		280772261761BD0C008F8E5C /* BankAccountTests */ = {
			isa = PBXNativeTarget;
			buildConfigurationList = 2807723C1761BD0C008F8E5C /* Build configuration list for PBXNativeTarget "BankAccountTests" */;
			buildPhases = (
				CDFD953971274CFCA3A419C3 /* Check Pods Manifest.lock */,
				280772221761BD0C008F8E5C /* Sources */,
				280772231761BD0C008F8E5C /* Frameworks */,
				280772241761BD0C008F8E5C /* Resources */,
				280772251761BD0C008F8E5C /* ShellScript */,
				E2943EA5B2DE4941BE883AE4 /* Copy Pods Resources */,
			);
			buildRules = (
			);
			dependencies = (
				2807722D1761BD0C008F8E5C /* PBXTargetDependency */,
			);
			name = BankAccountTests;
			productName = BankAccountTests;
			productReference = 280772271761BD0C008F8E5C /* BankAccountTests.octest */;
			productType = "com.apple.product-type.bundle";
		};
/* End PBXNativeTarget section */

/* Begin PBXProject section */
		280771FF1761BD0B008F8E5C /* Project object */ = {
			isa = PBXProject;
			attributes = {
				LastUpgradeCheck = 0460;
				ORGANIZATIONNAME = "El Nino";
			};
			buildConfigurationList = 280772021761BD0B008F8E5C /* Build configuration list for PBXProject "BankAccount" */;
			compatibilityVersion = "Xcode 3.2";
			developmentRegion = English;
			hasScannedForEncodings = 0;
			knownRegions = (
				en,
			);
			mainGroup = 280771FE1761BD0B008F8E5C;
			productRefGroup = 280772081761BD0B008F8E5C /* Products */;
			projectDirPath = "";
			projectRoot = "";
			targets = (
				280772061761BD0B008F8E5C /* BankAccount */,
				280772261761BD0C008F8E5C /* BankAccountTests */,
			);
		};
/* End PBXProject section */

/* Begin PBXResourcesBuildPhase section */
		280772051761BD0B008F8E5C /* Resources */ = {
			isa = PBXResourcesBuildPhase;
			buildActionMask = 2147483647;
			files = (
				280772151761BD0B008F8E5C /* InfoPlist.strings in Resources */,
				2807721D1761BD0C008F8E5C /* Default.png in Resources */,
				2807721F1761BD0C008F8E5C /* Default@2x.png in Resources */,
				280772211761BD0C008F8E5C /* Default-568h@2x.png in Resources */,
			);
			runOnlyForDeploymentPostprocessing = 0;
		};
		280772241761BD0C008F8E5C /* Resources */ = {
			isa = PBXResourcesBuildPhase;
			buildActionMask = 2147483647;
			files = (
				280772331761BD0C008F8E5C /* InfoPlist.strings in Resources */,
			);
			runOnlyForDeploymentPostprocessing = 0;
		};
/* End PBXResourcesBuildPhase section */

/* Begin PBXShellScriptBuildPhase section */
		19548AECFECF4BACAB6749B8 /* Copy Pods Resources */ = {
			isa = PBXShellScriptBuildPhase;
			buildActionMask = 2147483647;
			files = (
			);
			inputPaths = (
			);
			name = "Copy Pods Resources";
			outputPaths = (
			);
			runOnlyForDeploymentPostprocessing = 0;
			shellPath = /bin/sh;
			shellScript = "\"${SRCROOT}/Pods/Pods-resources.sh\"\n";
		};
		280772251761BD0C008F8E5C /* ShellScript */ = {
			isa = PBXShellScriptBuildPhase;
			buildActionMask = 2147483647;
			files = (
			);
			inputPaths = (
			);
			outputPaths = (
			);
			runOnlyForDeploymentPostprocessing = 0;
			shellPath = /bin/sh;
			shellScript = "# Run the unit tests in this test bundle.\n\"${SYSTEM_DEVELOPER_DIR}/Tools/RunUnitTests\"\n";
		};
		CDFD953971274CFCA3A419C3 /* Check Pods Manifest.lock */ = {
			isa = PBXShellScriptBuildPhase;
			buildActionMask = 2147483647;
			files = (
			);
			inputPaths = (
			);
			name = "Check Pods Manifest.lock";
			outputPaths = (
			);
			runOnlyForDeploymentPostprocessing = 0;
			shellPath = /bin/sh;
			shellScript = "diff \"${PODS_ROOT}/../Podfile.lock\" \"${PODS_ROOT}/Manifest.lock\" > /dev/null\nif [[ $? != 0 ]] ; then\n    cat << EOM\nerror: The sandbox is not in sync with the Podfile.lock. Run 'pod install' or update your CocoaPods installation.\nEOM\n    exit 1\nfi\n";
		};
		E2943EA5B2DE4941BE883AE4 /* Copy Pods Resources */ = {
			isa = PBXShellScriptBuildPhase;
			buildActionMask = 2147483647;
			files = (
			);
			inputPaths = (
			);
			name = "Copy Pods Resources";
			outputPaths = (
			);
			runOnlyForDeploymentPostprocessing = 0;
			shellPath = /bin/sh;
			shellScript = "\"${SRCROOT}/Pods/Pods-BankAccountTests-resources.sh\"\n";
		};
		EAEB5ACE42EA455A9BA9B528 /* Check Pods Manifest.lock */ = {
			isa = PBXShellScriptBuildPhase;
			buildActionMask = 2147483647;
			files = (
			);
			inputPaths = (
			);
			name = "Check Pods Manifest.lock";
			outputPaths = (
			);
			runOnlyForDeploymentPostprocessing = 0;
			shellPath = /bin/sh;
			shellScript = "diff \"${PODS_ROOT}/../Podfile.lock\" \"${PODS_ROOT}/Manifest.lock\" > /dev/null\nif [[ $? != 0 ]] ; then\n    cat << EOM\nerror: The sandbox is not in sync with the Podfile.lock. Run 'pod install' or update your CocoaPods installation.\nEOM\n    exit 1\nfi\n";
		};
/* End PBXShellScriptBuildPhase section */

/* Begin PBXSourcesBuildPhase section */
		280772031761BD0B008F8E5C /* Sources */ = {
			isa = PBXSourcesBuildPhase;
			buildActionMask = 2147483647;
			files = (
				280772171761BD0B008F8E5C /* main.m in Sources */,
				2807721B1761BD0B008F8E5C /* AppDelegate.m in Sources */,
			);
			runOnlyForDeploymentPostprocessing = 0;
		};
		280772221761BD0C008F8E5C /* Sources */ = {
			isa = PBXSourcesBuildPhase;
			buildActionMask = 2147483647;
			files = (
			);
			runOnlyForDeploymentPostprocessing = 0;
		};
/* End PBXSourcesBuildPhase section */

/* Begin PBXTargetDependency section */
		2807722D1761BD0C008F8E5C /* PBXTargetDependency */ = {
			isa = PBXTargetDependency;
			target = 280772061761BD0B008F8E5C /* BankAccount */;
			targetProxy = 2807722C1761BD0C008F8E5C /* PBXContainerItemProxy */;
		};
/* End PBXTargetDependency section */

/* Begin PBXVariantGroup section */
		280772131761BD0B008F8E5C /* InfoPlist.strings */ = {
			isa = PBXVariantGroup;
			children = (
				280772141761BD0B008F8E5C /* en */,
			);
			name = InfoPlist.strings;
			sourceTree = "<group>";
		};
		280772311761BD0C008F8E5C /* InfoPlist.strings */ = {
			isa = PBXVariantGroup;
			children = (
				280772321761BD0C008F8E5C /* en */,
			);
			name = InfoPlist.strings;
			sourceTree = "<group>";
		};
/* End PBXVariantGroup section */

/* Begin XCBuildConfiguration section */
		280772371761BD0C008F8E5C /* Debug */ = {
			isa = XCBuildConfiguration;
			buildSettings = {
				ALWAYS_SEARCH_USER_PATHS = NO;
				CLANG_CXX_LANGUAGE_STANDARD = "gnu++0x";
				CLANG_CXX_LIBRARY = "libc++";
				CLANG_ENABLE_OBJC_ARC = YES;
				CLANG_WARN_CONSTANT_CONVERSION = YES;
				CLANG_WARN_EMPTY_BODY = YES;
				CLANG_WARN_ENUM_CONVERSION = YES;
				CLANG_WARN_INT_CONVERSION = YES;
				CLANG_WARN__DUPLICATE_METHOD_MATCH = YES;
				"CODE_SIGN_IDENTITY[sdk=iphoneos*]" = "iPhone Developer";
				COPY_PHASE_STRIP = NO;
				GCC_C_LANGUAGE_STANDARD = gnu99;
				GCC_DYNAMIC_NO_PIC = NO;
				GCC_OPTIMIZATION_LEVEL = 0;
				GCC_PREPROCESSOR_DEFINITIONS = (
					"DEBUG=1",
					"$(inherited)",
				);
				GCC_SYMBOLS_PRIVATE_EXTERN = NO;
				GCC_WARN_ABOUT_RETURN_TYPE = YES;
				GCC_WARN_UNINITIALIZED_AUTOS = YES;
				GCC_WARN_UNUSED_VARIABLE = YES;
				IPHONEOS_DEPLOYMENT_TARGET = 6.1;
				ONLY_ACTIVE_ARCH = YES;
				SDKROOT = iphoneos;
			};
			name = Debug;
		};
		280772381761BD0C008F8E5C /* Release */ = {
			isa = XCBuildConfiguration;
			buildSettings = {
				ALWAYS_SEARCH_USER_PATHS = NO;
				CLANG_CXX_LANGUAGE_STANDARD = "gnu++0x";
				CLANG_CXX_LIBRARY = "libc++";
				CLANG_ENABLE_OBJC_ARC = YES;
				CLANG_WARN_CONSTANT_CONVERSION = YES;
				CLANG_WARN_EMPTY_BODY = YES;
				CLANG_WARN_ENUM_CONVERSION = YES;
				CLANG_WARN_INT_CONVERSION = YES;
				CLANG_WARN__DUPLICATE_METHOD_MATCH = YES;
				"CODE_SIGN_IDENTITY[sdk=iphoneos*]" = "iPhone Developer";
				COPY_PHASE_STRIP = YES;
				GCC_C_LANGUAGE_STANDARD = gnu99;
				GCC_WARN_ABOUT_RETURN_TYPE = YES;
				GCC_WARN_UNINITIALIZED_AUTOS = YES;
				GCC_WARN_UNUSED_VARIABLE = YES;
				IPHONEOS_DEPLOYMENT_TARGET = 6.1;
				OTHER_CFLAGS = "-DNS_BLOCK_ASSERTIONS=1";
				SDKROOT = iphoneos;
				VALIDATE_PRODUCT = YES;
			};
			name = Release;
		};
		2807723A1761BD0C008F8E5C /* Debug */ = {
			isa = XCBuildConfiguration;
			baseConfigurationReference = 1BA6F3786E194C4794BC9EB1 /* Pods.xcconfig */;
			buildSettings = {
				GCC_PRECOMPILE_PREFIX_HEADER = YES;
				GCC_PREFIX_HEADER = "BankAccount/BankAccount-Prefix.pch";
				INFOPLIST_FILE = "BankAccount/BankAccount-Info.plist";
				PRODUCT_NAME = "$(TARGET_NAME)";
				WRAPPER_EXTENSION = app;
			};
			name = Debug;
		};
		2807723B1761BD0C008F8E5C /* Release */ = {
			isa = XCBuildConfiguration;
			baseConfigurationReference = 1BA6F3786E194C4794BC9EB1 /* Pods.xcconfig */;
			buildSettings = {
				GCC_PRECOMPILE_PREFIX_HEADER = YES;
				GCC_PREFIX_HEADER = "BankAccount/BankAccount-Prefix.pch";
				INFOPLIST_FILE = "BankAccount/BankAccount-Info.plist";
				PRODUCT_NAME = "$(TARGET_NAME)";
				WRAPPER_EXTENSION = app;
			};
			name = Release;
		};
		2807723D1761BD0C008F8E5C /* Debug */ = {
			isa = XCBuildConfiguration;
			baseConfigurationReference = C60319E3BE654BFFB4368CAF /* Pods-BankAccountTests.xcconfig */;
			buildSettings = {
				BUNDLE_LOADER = "$(BUILT_PRODUCTS_DIR)/BankAccount.app/BankAccount";
				FRAMEWORK_SEARCH_PATHS = (
					"\"$(SDKROOT)/Developer/Library/Frameworks\"",
					"\"$(DEVELOPER_LIBRARY_DIR)/Frameworks\"",
				);
				GCC_PRECOMPILE_PREFIX_HEADER = YES;
				GCC_PREFIX_HEADER = "BankAccount/BankAccount-Prefix.pch";
				INFOPLIST_FILE = "BankAccountTests/BankAccountTests-Info.plist";
				PRODUCT_NAME = "$(TARGET_NAME)";
				TEST_HOST = "$(BUNDLE_LOADER)";
				WRAPPER_EXTENSION = octest;
			};
			name = Debug;
		};
		2807723E1761BD0C008F8E5C /* Release */ = {
			isa = XCBuildConfiguration;
			baseConfigurationReference = C60319E3BE654BFFB4368CAF /* Pods-BankAccountTests.xcconfig */;
			buildSettings = {
				BUNDLE_LOADER = "$(BUILT_PRODUCTS_DIR)/BankAccount.app/BankAccount";
				FRAMEWORK_SEARCH_PATHS = (
					"\"$(SDKROOT)/Developer/Library/Frameworks\"",
					"\"$(DEVELOPER_LIBRARY_DIR)/Frameworks\"",
				);
				GCC_PRECOMPILE_PREFIX_HEADER = YES;
				GCC_PREFIX_HEADER = "BankAccount/BankAccount-Prefix.pch";
				INFOPLIST_FILE = "BankAccountTests/BankAccountTests-Info.plist";
				PRODUCT_NAME = "$(TARGET_NAME)";
				TEST_HOST = "$(BUNDLE_LOADER)";
				WRAPPER_EXTENSION = octest;
			};
			name = Release;
		};
/* End XCBuildConfiguration section */

/* Begin XCConfigurationList section */
		280772021761BD0B008F8E5C /* Build configuration list for PBXProject "BankAccount" */ = {
			isa = XCConfigurationList;
			buildConfigurations = (
				280772371761BD0C008F8E5C /* Debug */,
				280772381761BD0C008F8E5C /* Release */,
			);
			defaultConfigurationIsVisible = 0;
			defaultConfigurationName = Release;
		};
		280772391761BD0C008F8E5C /* Build configuration list for PBXNativeTarget "BankAccount" */ = {
			isa = XCConfigurationList;
			buildConfigurations = (
				2807723A1761BD0C008F8E5C /* Debug */,
				2807723B1761BD0C008F8E5C /* Release */,
			);
			defaultConfigurationIsVisible = 0;
			defaultConfigurationName = Release;
		};
		2807723C1761BD0C008F8E5C /* Build configuration list for PBXNativeTarget "BankAccountTests" */ = {
			isa = XCConfigurationList;
			buildConfigurations = (
				2807723D1761BD0C008F8E5C /* Debug */,
				2807723E1761BD0C008F8E5C /* Release */,
			);
			defaultConfigurationIsVisible = 0;
			defaultConfigurationName = Release;
		};
/* End XCConfigurationList section */
	};
	rootObject = 280771FF1761BD0B008F8E5C /* Project object */;
}
