<?xml version="1.0" encoding="UTF-8"?>
<!DOCTYPE plist PUBLIC "-//Apple//DTD PLIST 1.0//EN" "http://www.apple.com/DTDs/PropertyList-1.0.dtd">
<plist version="1.0">
<dict>
	<key>archiveVersion</key>
	<string>1</string>
	<key>classes</key>
	<dict/>
	<key>objectVersion</key>
	<string>46</string>
	<key>objects</key>
	<dict>
		<key>19548AECFECF4BACAB6749B8</key>
		<dict>
			<key>buildActionMask</key>
			<string>2147483647</string>
			<key>files</key>
			<array/>
			<key>inputPaths</key>
			<array/>
			<key>isa</key>
			<string>PBXShellScriptBuildPhase</string>
			<key>name</key>
			<string>Copy Pods Resources</string>
			<key>outputPaths</key>
			<array/>
			<key>runOnlyForDeploymentPostprocessing</key>
			<string>0</string>
			<key>shellPath</key>
			<string>/bin/sh</string>
			<key>shellScript</key>
			<string>"${SRCROOT}/Pods/Pods-resources.sh"
</string>
		</dict>
		<key>280771FE1761BD0B008F8E5C</key>
		<dict>
			<key>children</key>
			<array>
				<string>2829962C1778245300C64C5F</string>
				<string>280772101761BD0B008F8E5C</string>
				<string>2807722E1761BD0C008F8E5C</string>
				<string>280772091761BD0B008F8E5C</string>
				<string>280772081761BD0B008F8E5C</string>
				<string>8E2C4F030A6C471A94DE3646</string>
			</array>
			<key>isa</key>
			<string>PBXGroup</string>
			<key>sourceTree</key>
			<string>&lt;group&gt;</string>
		</dict>
		<key>280771FF1761BD0B008F8E5C</key>
		<dict>
			<key>attributes</key>
			<dict>
				<key>LastUpgradeCheck</key>
				<string>0460</string>
				<key>ORGANIZATIONNAME</key>
				<string>El Nino</string>
			</dict>
			<key>buildConfigurationList</key>
			<string>280772021761BD0B008F8E5C</string>
			<key>compatibilityVersion</key>
			<string>Xcode 3.2</string>
			<key>developmentRegion</key>
			<string>English</string>
			<key>hasScannedForEncodings</key>
			<string>0</string>
			<key>isa</key>
			<string>PBXProject</string>
			<key>knownRegions</key>
			<array>
				<string>en</string>
			</array>
			<key>mainGroup</key>
			<string>280771FE1761BD0B008F8E5C</string>
			<key>productRefGroup</key>
			<string>280772081761BD0B008F8E5C</string>
			<key>projectDirPath</key>
			<string></string>
			<key>projectReferences</key>
			<array/>
			<key>projectRoot</key>
			<string></string>
			<key>targets</key>
			<array>
				<string>280772061761BD0B008F8E5C</string>
				<string>280772261761BD0C008F8E5C</string>
			</array>
		</dict>
		<key>280772021761BD0B008F8E5C</key>
		<dict>
			<key>buildConfigurations</key>
			<array>
				<string>280772371761BD0C008F8E5C</string>
				<string>280772381761BD0C008F8E5C</string>
			</array>
			<key>defaultConfigurationIsVisible</key>
			<string>0</string>
			<key>defaultConfigurationName</key>
			<string>Release</string>
			<key>isa</key>
			<string>XCConfigurationList</string>
		</dict>
		<key>280772031761BD0B008F8E5C</key>
		<dict>
			<key>buildActionMask</key>
			<string>2147483647</string>
			<key>files</key>
			<array>
				<string>280772171761BD0B008F8E5C</string>
				<string>2807721B1761BD0B008F8E5C</string>
				<string>281C4C4317718E3B00E941F7</string>
				<string>281C4C4717718F4600E941F7</string>
				<string>281C4C4A1771901200E941F7</string>
				<string>283095171774379D00AA5E75</string>
				<string>2830951A177439BC00AA5E75</string>
			</array>
			<key>isa</key>
			<string>PBXSourcesBuildPhase</string>
			<key>runOnlyForDeploymentPostprocessing</key>
			<string>0</string>
		</dict>
		<key>280772041761BD0B008F8E5C</key>
		<dict>
			<key>buildActionMask</key>
			<string>2147483647</string>
			<key>files</key>
			<array>
				<string>2829962D1778245300C64C5F</string>
				<string>2807720B1761BD0B008F8E5C</string>
				<string>2807720D1761BD0B008F8E5C</string>
				<string>2807720F1761BD0B008F8E5C</string>
				<string>2829962617781FA800C64C5F</string>
			</array>
			<key>isa</key>
			<string>PBXFrameworksBuildPhase</string>
			<key>runOnlyForDeploymentPostprocessing</key>
			<string>0</string>
		</dict>
		<key>280772051761BD0B008F8E5C</key>
		<dict>
			<key>buildActionMask</key>
			<string>2147483647</string>
			<key>files</key>
			<array>
				<string>280772151761BD0B008F8E5C</string>
				<string>2807721D1761BD0C008F8E5C</string>
				<string>2807721F1761BD0C008F8E5C</string>
				<string>280772211761BD0C008F8E5C</string>
				<string>2829962817781FEE00C64C5F</string>
			</array>
			<key>isa</key>
			<string>PBXResourcesBuildPhase</string>
			<key>runOnlyForDeploymentPostprocessing</key>
			<string>0</string>
		</dict>
		<key>280772061761BD0B008F8E5C</key>
		<dict>
			<key>buildConfigurationList</key>
			<string>280772391761BD0C008F8E5C</string>
			<key>buildPhases</key>
			<array>
				<string>EAEB5ACE42EA455A9BA9B528</string>
				<string>280772031761BD0B008F8E5C</string>
				<string>280772041761BD0B008F8E5C</string>
				<string>280772051761BD0B008F8E5C</string>
				<string>19548AECFECF4BACAB6749B8</string>
			</array>
			<key>buildRules</key>
			<array/>
			<key>dependencies</key>
			<array/>
			<key>isa</key>
			<string>PBXNativeTarget</string>
			<key>name</key>
			<string>BankAccount</string>
			<key>productName</key>
			<string>BankAccount</string>
			<key>productReference</key>
			<string>280772071761BD0B008F8E5C</string>
			<key>productType</key>
			<string>com.apple.product-type.application</string>
		</dict>
		<key>280772071761BD0B008F8E5C</key>
		<dict>
			<key>explicitFileType</key>
			<string>wrapper.application</string>
			<key>includeInIndex</key>
			<string>0</string>
			<key>isa</key>
			<string>PBXFileReference</string>
			<key>path</key>
			<string>BankAccount.app</string>
			<key>sourceTree</key>
			<string>BUILT_PRODUCTS_DIR</string>
		</dict>
		<key>280772081761BD0B008F8E5C</key>
		<dict>
			<key>children</key>
			<array>
				<string>280772071761BD0B008F8E5C</string>
				<string>280772271761BD0C008F8E5C</string>
			</array>
			<key>isa</key>
			<string>PBXGroup</string>
			<key>name</key>
			<string>Products</string>
			<key>sourceTree</key>
			<string>&lt;group&gt;</string>
		</dict>
		<key>280772091761BD0B008F8E5C</key>
		<dict>
			<key>children</key>
			<array>
				<string>2829962517781FA800C64C5F</string>
				<string>2807720A1761BD0B008F8E5C</string>
				<string>2807720C1761BD0B008F8E5C</string>
				<string>2807720E1761BD0B008F8E5C</string>
				<string>280772281761BD0C008F8E5C</string>
				<string>AE4CAABFE5114793BEDA2675</string>
			</array>
			<key>isa</key>
			<string>PBXGroup</string>
			<key>name</key>
			<string>Frameworks</string>
			<key>sourceTree</key>
			<string>&lt;group&gt;</string>
		</dict>
		<key>2807720A1761BD0B008F8E5C</key>
		<dict>
			<key>isa</key>
			<string>PBXFileReference</string>
			<key>lastKnownFileType</key>
			<string>wrapper.framework</string>
			<key>name</key>
			<string>UIKit.framework</string>
			<key>path</key>
			<string>System/Library/Frameworks/UIKit.framework</string>
			<key>sourceTree</key>
			<string>SDKROOT</string>
		</dict>
		<key>2807720B1761BD0B008F8E5C</key>
		<dict>
			<key>fileRef</key>
			<string>2807720A1761BD0B008F8E5C</string>
			<key>isa</key>
			<string>PBXBuildFile</string>
		</dict>
		<key>2807720C1761BD0B008F8E5C</key>
		<dict>
			<key>isa</key>
			<string>PBXFileReference</string>
			<key>lastKnownFileType</key>
			<string>wrapper.framework</string>
			<key>name</key>
			<string>Foundation.framework</string>
			<key>path</key>
			<string>System/Library/Frameworks/Foundation.framework</string>
			<key>sourceTree</key>
			<string>SDKROOT</string>
		</dict>
		<key>2807720D1761BD0B008F8E5C</key>
		<dict>
			<key>fileRef</key>
			<string>2807720C1761BD0B008F8E5C</string>
			<key>isa</key>
			<string>PBXBuildFile</string>
		</dict>
		<key>2807720E1761BD0B008F8E5C</key>
		<dict>
			<key>isa</key>
			<string>PBXFileReference</string>
			<key>lastKnownFileType</key>
			<string>wrapper.framework</string>
			<key>name</key>
			<string>CoreGraphics.framework</string>
			<key>path</key>
			<string>System/Library/Frameworks/CoreGraphics.framework</string>
			<key>sourceTree</key>
			<string>SDKROOT</string>
		</dict>
		<key>2807720F1761BD0B008F8E5C</key>
		<dict>
			<key>fileRef</key>
			<string>2807720E1761BD0B008F8E5C</string>
			<key>isa</key>
			<string>PBXBuildFile</string>
		</dict>
		<key>280772101761BD0B008F8E5C</key>
		<dict>
			<key>children</key>
			<array>
				<string>2829962717781FEE00C64C5F</string>
				<string>281C4C4417718F3700E941F7</string>
				<string>281C4C4017718E2500E941F7</string>
				<string>280772191761BD0B008F8E5C</string>
				<string>2807721A1761BD0B008F8E5C</string>
				<string>280772111761BD0B008F8E5C</string>
			</array>
			<key>isa</key>
			<string>PBXGroup</string>
			<key>path</key>
			<string>BankAccount</string>
			<key>sourceTree</key>
			<string>&lt;group&gt;</string>
		</dict>
		<key>280772111761BD0B008F8E5C</key>
		<dict>
			<key>children</key>
			<array>
				<string>280772121761BD0B008F8E5C</string>
				<string>280772131761BD0B008F8E5C</string>
				<string>280772161761BD0B008F8E5C</string>
				<string>280772181761BD0B008F8E5C</string>
				<string>2807721C1761BD0C008F8E5C</string>
				<string>2807721E1761BD0C008F8E5C</string>
				<string>280772201761BD0C008F8E5C</string>
			</array>
			<key>isa</key>
			<string>PBXGroup</string>
			<key>name</key>
			<string>Supporting Files</string>
			<key>sourceTree</key>
			<string>&lt;group&gt;</string>
		</dict>
		<key>280772121761BD0B008F8E5C</key>
		<dict>
			<key>isa</key>
			<string>PBXFileReference</string>
			<key>lastKnownFileType</key>
			<string>text.plist.xml</string>
			<key>path</key>
			<string>BankAccount-Info.plist</string>
			<key>sourceTree</key>
			<string>&lt;group&gt;</string>
		</dict>
		<key>280772131761BD0B008F8E5C</key>
		<dict>
			<key>children</key>
			<array>
				<string>280772141761BD0B008F8E5C</string>
			</array>
			<key>isa</key>
			<string>PBXVariantGroup</string>
			<key>name</key>
			<string>InfoPlist.strings</string>
			<key>sourceTree</key>
			<string>&lt;group&gt;</string>
		</dict>
		<key>280772141761BD0B008F8E5C</key>
		<dict>
			<key>isa</key>
			<string>PBXFileReference</string>
			<key>lastKnownFileType</key>
			<string>text.plist.strings</string>
			<key>name</key>
			<string>en</string>
			<key>path</key>
			<string>en.lproj/InfoPlist.strings</string>
			<key>sourceTree</key>
			<string>&lt;group&gt;</string>
		</dict>
		<key>280772151761BD0B008F8E5C</key>
		<dict>
			<key>fileRef</key>
			<string>280772131761BD0B008F8E5C</string>
			<key>isa</key>
			<string>PBXBuildFile</string>
		</dict>
		<key>280772161761BD0B008F8E5C</key>
		<dict>
			<key>isa</key>
			<string>PBXFileReference</string>
			<key>lastKnownFileType</key>
			<string>sourcecode.c.objc</string>
			<key>path</key>
			<string>main.m</string>
			<key>sourceTree</key>
			<string>&lt;group&gt;</string>
		</dict>
		<key>280772171761BD0B008F8E5C</key>
		<dict>
			<key>fileRef</key>
			<string>280772161761BD0B008F8E5C</string>
			<key>isa</key>
			<string>PBXBuildFile</string>
		</dict>
		<key>280772181761BD0B008F8E5C</key>
		<dict>
			<key>isa</key>
			<string>PBXFileReference</string>
			<key>lastKnownFileType</key>
			<string>sourcecode.c.h</string>
			<key>path</key>
			<string>BankAccount-Prefix.pch</string>
			<key>sourceTree</key>
			<string>&lt;group&gt;</string>
		</dict>
		<key>280772191761BD0B008F8E5C</key>
		<dict>
			<key>isa</key>
			<string>PBXFileReference</string>
			<key>lastKnownFileType</key>
			<string>sourcecode.c.h</string>
			<key>path</key>
			<string>AppDelegate.h</string>
			<key>sourceTree</key>
			<string>&lt;group&gt;</string>
		</dict>
		<key>2807721A1761BD0B008F8E5C</key>
		<dict>
			<key>isa</key>
			<string>PBXFileReference</string>
			<key>lastKnownFileType</key>
			<string>sourcecode.c.objc</string>
			<key>path</key>
			<string>AppDelegate.m</string>
			<key>sourceTree</key>
			<string>&lt;group&gt;</string>
		</dict>
		<key>2807721B1761BD0B008F8E5C</key>
		<dict>
			<key>fileRef</key>
			<string>2807721A1761BD0B008F8E5C</string>
			<key>isa</key>
			<string>PBXBuildFile</string>
		</dict>
		<key>2807721C1761BD0C008F8E5C</key>
		<dict>
			<key>isa</key>
			<string>PBXFileReference</string>
			<key>lastKnownFileType</key>
			<string>image.png</string>
			<key>path</key>
			<string>Default.png</string>
			<key>sourceTree</key>
			<string>&lt;group&gt;</string>
		</dict>
		<key>2807721D1761BD0C008F8E5C</key>
		<dict>
			<key>fileRef</key>
			<string>2807721C1761BD0C008F8E5C</string>
			<key>isa</key>
			<string>PBXBuildFile</string>
		</dict>
		<key>2807721E1761BD0C008F8E5C</key>
		<dict>
			<key>isa</key>
			<string>PBXFileReference</string>
			<key>lastKnownFileType</key>
			<string>image.png</string>
			<key>path</key>
			<string>Default@2x.png</string>
			<key>sourceTree</key>
			<string>&lt;group&gt;</string>
		</dict>
		<key>2807721F1761BD0C008F8E5C</key>
		<dict>
			<key>fileRef</key>
			<string>2807721E1761BD0C008F8E5C</string>
			<key>isa</key>
			<string>PBXBuildFile</string>
		</dict>
		<key>280772201761BD0C008F8E5C</key>
		<dict>
			<key>isa</key>
			<string>PBXFileReference</string>
			<key>lastKnownFileType</key>
			<string>image.png</string>
			<key>path</key>
			<string>Default-568h@2x.png</string>
			<key>sourceTree</key>
			<string>&lt;group&gt;</string>
		</dict>
		<key>280772211761BD0C008F8E5C</key>
		<dict>
			<key>fileRef</key>
			<string>280772201761BD0C008F8E5C</string>
			<key>isa</key>
			<string>PBXBuildFile</string>
		</dict>
		<key>280772221761BD0C008F8E5C</key>
		<dict>
			<key>buildActionMask</key>
			<string>2147483647</string>
			<key>files</key>
			<array>
				<string>281C4C3F17718E1A00E941F7</string>
				<string>2829962A1778214000C64C5F</string>
			</array>
			<key>isa</key>
			<string>PBXSourcesBuildPhase</string>
			<key>runOnlyForDeploymentPostprocessing</key>
			<string>0</string>
		</dict>
		<key>280772231761BD0C008F8E5C</key>
		<dict>
			<key>buildActionMask</key>
			<string>2147483647</string>
			<key>files</key>
			<array>
				<string>280772291761BD0C008F8E5C</string>
				<string>2807722A1761BD0C008F8E5C</string>
				<string>2807722B1761BD0C008F8E5C</string>
				<string>2829962B1778217700C64C5F</string>
				<string>ADFE19BAEA694F1F84028DBA</string>
			</array>
			<key>isa</key>
			<string>PBXFrameworksBuildPhase</string>
			<key>runOnlyForDeploymentPostprocessing</key>
			<string>0</string>
		</dict>
		<key>280772241761BD0C008F8E5C</key>
		<dict>
			<key>buildActionMask</key>
			<string>2147483647</string>
			<key>files</key>
			<array>
				<string>280772331761BD0C008F8E5C</string>
			</array>
			<key>isa</key>
			<string>PBXResourcesBuildPhase</string>
			<key>runOnlyForDeploymentPostprocessing</key>
			<string>0</string>
		</dict>
		<key>280772251761BD0C008F8E5C</key>
		<dict>
			<key>buildActionMask</key>
			<string>2147483647</string>
			<key>files</key>
			<array/>
			<key>inputPaths</key>
			<array/>
			<key>isa</key>
			<string>PBXShellScriptBuildPhase</string>
			<key>outputPaths</key>
			<array/>
			<key>runOnlyForDeploymentPostprocessing</key>
			<string>0</string>
			<key>shellPath</key>
			<string>/bin/sh</string>
			<key>shellScript</key>
			<string># Run the unit tests in this test bundle.
"${SYSTEM_DEVELOPER_DIR}/Tools/RunUnitTests"
</string>
		</dict>
		<key>280772261761BD0C008F8E5C</key>
		<dict>
			<key>buildConfigurationList</key>
			<string>2807723C1761BD0C008F8E5C</string>
			<key>buildPhases</key>
			<array>
				<string>900F27E320624865A9067F78</string>
				<string>CDFD953971274CFCA3A419C3</string>
				<string>280772221761BD0C008F8E5C</string>
				<string>280772231761BD0C008F8E5C</string>
				<string>280772241761BD0C008F8E5C</string>
				<string>280772251761BD0C008F8E5C</string>
				<string>E2943EA5B2DE4941BE883AE4</string>
				<string>9676ED5C9EBA49BCB6D47C4E</string>
			</array>
			<key>buildRules</key>
			<array/>
			<key>dependencies</key>
			<array>
				<string>2807722D1761BD0C008F8E5C</string>
			</array>
			<key>isa</key>
			<string>PBXNativeTarget</string>
			<key>name</key>
			<string>BankAccountTests</string>
			<key>productName</key>
			<string>BankAccountTests</string>
			<key>productReference</key>
			<string>280772271761BD0C008F8E5C</string>
			<key>productType</key>
			<string>com.apple.product-type.bundle</string>
		</dict>
		<key>280772271761BD0C008F8E5C</key>
		<dict>
			<key>explicitFileType</key>
			<string>wrapper.cfbundle</string>
			<key>includeInIndex</key>
			<string>0</string>
			<key>isa</key>
			<string>PBXFileReference</string>
			<key>path</key>
			<string>BankAccountTests.octest</string>
			<key>sourceTree</key>
			<string>BUILT_PRODUCTS_DIR</string>
		</dict>
		<key>280772281761BD0C008F8E5C</key>
		<dict>
			<key>isa</key>
			<string>PBXFileReference</string>
			<key>lastKnownFileType</key>
			<string>wrapper.framework</string>
			<key>name</key>
			<string>SenTestingKit.framework</string>
			<key>path</key>
			<string>Library/Frameworks/SenTestingKit.framework</string>
			<key>sourceTree</key>
			<string>DEVELOPER_DIR</string>
		</dict>
		<key>280772291761BD0C008F8E5C</key>
		<dict>
			<key>fileRef</key>
			<string>280772281761BD0C008F8E5C</string>
			<key>isa</key>
			<string>PBXBuildFile</string>
		</dict>
		<key>2807722A1761BD0C008F8E5C</key>
		<dict>
			<key>fileRef</key>
			<string>2807720A1761BD0B008F8E5C</string>
			<key>isa</key>
			<string>PBXBuildFile</string>
		</dict>
		<key>2807722B1761BD0C008F8E5C</key>
		<dict>
			<key>fileRef</key>
			<string>2807720C1761BD0B008F8E5C</string>
			<key>isa</key>
			<string>PBXBuildFile</string>
		</dict>
		<key>2807722C1761BD0C008F8E5C</key>
		<dict>
			<key>containerPortal</key>
			<string>280771FF1761BD0B008F8E5C</string>
			<key>isa</key>
			<string>PBXContainerItemProxy</string>
			<key>proxyType</key>
			<string>1</string>
			<key>remoteGlobalIDString</key>
			<string>280772061761BD0B008F8E5C</string>
			<key>remoteInfo</key>
			<string>BankAccount</string>
		</dict>
		<key>2807722D1761BD0C008F8E5C</key>
		<dict>
			<key>isa</key>
			<string>PBXTargetDependency</string>
			<key>target</key>
			<string>280772061761BD0B008F8E5C</string>
			<key>targetProxy</key>
			<string>2807722C1761BD0C008F8E5C</string>
		</dict>
		<key>2807722E1761BD0C008F8E5C</key>
		<dict>
			<key>children</key>
			<array>
				<string>2830951B17744B2200AA5E75</string>
				<string>281C4C3D17718E0700E941F7</string>
				<string>2807722F1761BD0C008F8E5C</string>
			</array>
			<key>isa</key>
			<string>PBXGroup</string>
			<key>path</key>
			<string>BankAccountTests</string>
			<key>sourceTree</key>
			<string>&lt;group&gt;</string>
		</dict>
		<key>2807722F1761BD0C008F8E5C</key>
		<dict>
			<key>children</key>
			<array>
				<string>280772301761BD0C008F8E5C</string>
				<string>280772311761BD0C008F8E5C</string>
			</array>
			<key>isa</key>
			<string>PBXGroup</string>
			<key>name</key>
			<string>Supporting Files</string>
			<key>sourceTree</key>
			<string>&lt;group&gt;</string>
		</dict>
		<key>280772301761BD0C008F8E5C</key>
		<dict>
			<key>isa</key>
			<string>PBXFileReference</string>
			<key>lastKnownFileType</key>
			<string>text.plist.xml</string>
			<key>path</key>
			<string>BankAccountTests-Info.plist</string>
			<key>sourceTree</key>
			<string>&lt;group&gt;</string>
		</dict>
		<key>280772311761BD0C008F8E5C</key>
		<dict>
			<key>children</key>
			<array>
				<string>280772321761BD0C008F8E5C</string>
			</array>
			<key>isa</key>
			<string>PBXVariantGroup</string>
			<key>name</key>
			<string>InfoPlist.strings</string>
			<key>sourceTree</key>
			<string>&lt;group&gt;</string>
		</dict>
		<key>280772321761BD0C008F8E5C</key>
		<dict>
			<key>isa</key>
			<string>PBXFileReference</string>
			<key>lastKnownFileType</key>
			<string>text.plist.strings</string>
			<key>name</key>
			<string>en</string>
			<key>path</key>
			<string>en.lproj/InfoPlist.strings</string>
			<key>sourceTree</key>
			<string>&lt;group&gt;</string>
		</dict>
		<key>280772331761BD0C008F8E5C</key>
		<dict>
			<key>fileRef</key>
			<string>280772311761BD0C008F8E5C</string>
			<key>isa</key>
			<string>PBXBuildFile</string>
		</dict>
		<key>280772371761BD0C008F8E5C</key>
		<dict>
			<key>buildSettings</key>
			<dict>
				<key>ALWAYS_SEARCH_USER_PATHS</key>
				<string>NO</string>
				<key>CLANG_CXX_LANGUAGE_STANDARD</key>
				<string>gnu++0x</string>
				<key>CLANG_CXX_LIBRARY</key>
				<string>libc++</string>
				<key>CLANG_ENABLE_OBJC_ARC</key>
				<string>YES</string>
				<key>CLANG_WARN_CONSTANT_CONVERSION</key>
				<string>YES</string>
				<key>CLANG_WARN_EMPTY_BODY</key>
				<string>YES</string>
				<key>CLANG_WARN_ENUM_CONVERSION</key>
				<string>YES</string>
				<key>CLANG_WARN_INT_CONVERSION</key>
				<string>YES</string>
				<key>CLANG_WARN__DUPLICATE_METHOD_MATCH</key>
				<string>YES</string>
				<key>CODE_SIGN_IDENTITY[sdk=iphoneos*]</key>
				<string>iPhone Developer</string>
				<key>COPY_PHASE_STRIP</key>
				<string>NO</string>
				<key>GCC_C_LANGUAGE_STANDARD</key>
				<string>gnu99</string>
				<key>GCC_DYNAMIC_NO_PIC</key>
				<string>NO</string>
				<key>GCC_OPTIMIZATION_LEVEL</key>
				<string>0</string>
				<key>GCC_PREPROCESSOR_DEFINITIONS</key>
				<array>
					<string>DEBUG=1</string>
					<string>$(inherited)</string>
				</array>
				<key>GCC_SYMBOLS_PRIVATE_EXTERN</key>
				<string>NO</string>
				<key>GCC_WARN_ABOUT_RETURN_TYPE</key>
				<string>YES</string>
				<key>GCC_WARN_UNINITIALIZED_AUTOS</key>
				<string>YES</string>
				<key>GCC_WARN_UNUSED_VARIABLE</key>
				<string>YES</string>
				<key>IPHONEOS_DEPLOYMENT_TARGET</key>
				<string>6.1</string>
				<key>ONLY_ACTIVE_ARCH</key>
				<string>YES</string>
				<key>SDKROOT</key>
				<string>iphoneos</string>
			</dict>
			<key>isa</key>
			<string>XCBuildConfiguration</string>
			<key>name</key>
			<string>Debug</string>
		</dict>
		<key>280772381761BD0C008F8E5C</key>
		<dict>
			<key>buildSettings</key>
			<dict>
				<key>ALWAYS_SEARCH_USER_PATHS</key>
				<string>NO</string>
				<key>CLANG_CXX_LANGUAGE_STANDARD</key>
				<string>gnu++0x</string>
				<key>CLANG_CXX_LIBRARY</key>
				<string>libc++</string>
				<key>CLANG_ENABLE_OBJC_ARC</key>
				<string>YES</string>
				<key>CLANG_WARN_CONSTANT_CONVERSION</key>
				<string>YES</string>
				<key>CLANG_WARN_EMPTY_BODY</key>
				<string>YES</string>
				<key>CLANG_WARN_ENUM_CONVERSION</key>
				<string>YES</string>
				<key>CLANG_WARN_INT_CONVERSION</key>
				<string>YES</string>
				<key>CLANG_WARN__DUPLICATE_METHOD_MATCH</key>
				<string>YES</string>
				<key>CODE_SIGN_IDENTITY[sdk=iphoneos*]</key>
				<string>iPhone Developer</string>
				<key>COPY_PHASE_STRIP</key>
				<string>YES</string>
				<key>GCC_C_LANGUAGE_STANDARD</key>
				<string>gnu99</string>
				<key>GCC_WARN_ABOUT_RETURN_TYPE</key>
				<string>YES</string>
				<key>GCC_WARN_UNINITIALIZED_AUTOS</key>
				<string>YES</string>
				<key>GCC_WARN_UNUSED_VARIABLE</key>
				<string>YES</string>
				<key>IPHONEOS_DEPLOYMENT_TARGET</key>
				<string>6.1</string>
				<key>OTHER_CFLAGS</key>
				<string>-DNS_BLOCK_ASSERTIONS=1</string>
				<key>SDKROOT</key>
				<string>iphoneos</string>
				<key>VALIDATE_PRODUCT</key>
				<string>YES</string>
			</dict>
			<key>isa</key>
			<string>XCBuildConfiguration</string>
			<key>name</key>
			<string>Release</string>
		</dict>
		<key>280772391761BD0C008F8E5C</key>
		<dict>
			<key>buildConfigurations</key>
			<array>
				<string>2807723A1761BD0C008F8E5C</string>
				<string>2807723B1761BD0C008F8E5C</string>
			</array>
			<key>defaultConfigurationIsVisible</key>
			<string>0</string>
			<key>defaultConfigurationName</key>
			<string>Release</string>
			<key>isa</key>
			<string>XCConfigurationList</string>
		</dict>
		<key>2807723A1761BD0C008F8E5C</key>
		<dict>
			<key>buildSettings</key>
			<dict>
				<key>FRAMEWORK_SEARCH_PATHS</key>
				<array>
					<string>$(inherited)</string>
					<string>"$(SRCROOT)"</string>
				</array>
				<key>GCC_PRECOMPILE_PREFIX_HEADER</key>
				<string>YES</string>
				<key>GCC_PREFIX_HEADER</key>
				<string>BankAccount/BankAccount-Prefix.pch</string>
				<key>INFOPLIST_FILE</key>
				<string>BankAccount/BankAccount-Info.plist</string>
				<key>PRODUCT_NAME</key>
				<string>$(TARGET_NAME)</string>
				<key>WRAPPER_EXTENSION</key>
				<string>app</string>
			</dict>
			<key>isa</key>
			<string>XCBuildConfiguration</string>
			<key>name</key>
			<string>Debug</string>
		</dict>
		<key>2807723B1761BD0C008F8E5C</key>
		<dict>
			<key>buildSettings</key>
			<dict>
				<key>FRAMEWORK_SEARCH_PATHS</key>
				<array>
					<string>$(inherited)</string>
					<string>"$(SRCROOT)"</string>
				</array>
				<key>GCC_PRECOMPILE_PREFIX_HEADER</key>
				<string>YES</string>
				<key>GCC_PREFIX_HEADER</key>
				<string>BankAccount/BankAccount-Prefix.pch</string>
				<key>INFOPLIST_FILE</key>
				<string>BankAccount/BankAccount-Info.plist</string>
				<key>PRODUCT_NAME</key>
				<string>$(TARGET_NAME)</string>
				<key>WRAPPER_EXTENSION</key>
				<string>app</string>
			</dict>
			<key>isa</key>
			<string>XCBuildConfiguration</string>
			<key>name</key>
			<string>Release</string>
		</dict>
		<key>2807723C1761BD0C008F8E5C</key>
		<dict>
			<key>buildConfigurations</key>
			<array>
				<string>2807723D1761BD0C008F8E5C</string>
				<string>2807723E1761BD0C008F8E5C</string>
			</array>
			<key>defaultConfigurationIsVisible</key>
			<string>0</string>
			<key>defaultConfigurationName</key>
			<string>Release</string>
			<key>isa</key>
			<string>XCConfigurationList</string>
		</dict>
		<key>2807723D1761BD0C008F8E5C</key>
		<dict>
			<key>baseConfigurationReference</key>
			<string>8E2C4F030A6C471A94DE3646</string>
			<key>buildSettings</key>
			<dict>
				<key>BUNDLE_LOADER</key>
				<string>$(BUILT_PRODUCTS_DIR)/BankAccount.app/BankAccount</string>
				<key>FRAMEWORK_SEARCH_PATHS</key>
				<array>
					<string>"$(SDKROOT)/Developer/Library/Frameworks"</string>
					<string>"$(DEVELOPER_LIBRARY_DIR)/Frameworks"</string>
					<string>"$(SRCROOT)"</string>
				</array>
				<key>GCC_PRECOMPILE_PREFIX_HEADER</key>
				<string>YES</string>
				<key>GCC_PREFIX_HEADER</key>
				<string>BankAccount/BankAccount-Prefix.pch</string>
				<key>INFOPLIST_FILE</key>
				<string>BankAccountTests/BankAccountTests-Info.plist</string>
				<key>PRODUCT_NAME</key>
				<string>$(TARGET_NAME)</string>
				<key>TEST_HOST</key>
				<string>$(BUNDLE_LOADER)</string>
				<key>WRAPPER_EXTENSION</key>
				<string>octest</string>
			</dict>
			<key>isa</key>
			<string>XCBuildConfiguration</string>
			<key>name</key>
			<string>Debug</string>
		</dict>
		<key>2807723E1761BD0C008F8E5C</key>
		<dict>
			<key>baseConfigurationReference</key>
			<string>8E2C4F030A6C471A94DE3646</string>
			<key>buildSettings</key>
			<dict>
				<key>BUNDLE_LOADER</key>
				<string>$(BUILT_PRODUCTS_DIR)/BankAccount.app/BankAccount</string>
				<key>FRAMEWORK_SEARCH_PATHS</key>
				<array>
					<string>"$(SDKROOT)/Developer/Library/Frameworks"</string>
					<string>"$(DEVELOPER_LIBRARY_DIR)/Frameworks"</string>
					<string>"$(SRCROOT)"</string>
				</array>
				<key>GCC_PRECOMPILE_PREFIX_HEADER</key>
				<string>YES</string>
				<key>GCC_PREFIX_HEADER</key>
				<string>BankAccount/BankAccount-Prefix.pch</string>
				<key>INFOPLIST_FILE</key>
				<string>BankAccountTests/BankAccountTests-Info.plist</string>
				<key>PRODUCT_NAME</key>
				<string>$(TARGET_NAME)</string>
				<key>TEST_HOST</key>
				<string>$(BUNDLE_LOADER)</string>
				<key>WRAPPER_EXTENSION</key>
				<string>octest</string>
			</dict>
			<key>isa</key>
			<string>XCBuildConfiguration</string>
			<key>name</key>
			<string>Release</string>
		</dict>
		<key>281C4C3D17718E0700E941F7</key>
		<dict>
			<key>children</key>
			<array>
				<string>281C4C3E17718E1A00E941F7</string>
			</array>
			<key>isa</key>
			<string>PBXGroup</string>
			<key>path</key>
			<string>Business</string>
			<key>sourceTree</key>
			<string>&lt;group&gt;</string>
		</dict>
		<key>281C4C3E17718E1A00E941F7</key>
		<dict>
			<key>fileEncoding</key>
			<string>4</string>
			<key>isa</key>
			<string>PBXFileReference</string>
			<key>lastKnownFileType</key>
			<string>sourcecode.c.objc</string>
			<key>path</key>
			<string>BankAccountTest.m</string>
			<key>sourceTree</key>
			<string>&lt;group&gt;</string>
		</dict>
		<key>281C4C3F17718E1A00E941F7</key>
		<dict>
			<key>fileRef</key>
			<string>281C4C3E17718E1A00E941F7</string>
			<key>isa</key>
			<string>PBXBuildFile</string>
		</dict>
		<key>281C4C4017718E2500E941F7</key>
		<dict>
			<key>children</key>
			<array>
				<string>281C4C4117718E3B00E941F7</string>
				<string>281C4C4217718E3B00E941F7</string>
			</array>
			<key>isa</key>
			<string>PBXGroup</string>
			<key>path</key>
			<string>Business</string>
			<key>sourceTree</key>
			<string>&lt;group&gt;</string>
		</dict>
		<key>281C4C4117718E3B00E941F7</key>
		<dict>
			<key>fileEncoding</key>
			<string>4</string>
			<key>isa</key>
			<string>PBXFileReference</string>
			<key>lastKnownFileType</key>
			<string>sourcecode.c.h</string>
			<key>path</key>
			<string>BankAccount.h</string>
			<key>sourceTree</key>
			<string>&lt;group&gt;</string>
		</dict>
		<key>281C4C4217718E3B00E941F7</key>
		<dict>
			<key>fileEncoding</key>
			<string>4</string>
			<key>isa</key>
			<string>PBXFileReference</string>
			<key>lastKnownFileType</key>
			<string>sourcecode.c.objc</string>
			<key>path</key>
			<string>BankAccount.m</string>
			<key>sourceTree</key>
			<string>&lt;group&gt;</string>
		</dict>
		<key>281C4C4317718E3B00E941F7</key>
		<dict>
			<key>fileRef</key>
			<string>281C4C4217718E3B00E941F7</string>
			<key>isa</key>
			<string>PBXBuildFile</string>
		</dict>
		<key>281C4C4417718F3700E941F7</key>
		<dict>
			<key>children</key>
			<array>
				<string>281C4C4517718F4600E941F7</string>
				<string>281C4C4617718F4600E941F7</string>
				<string>281C4C481771901200E941F7</string>
				<string>281C4C491771901200E941F7</string>
				<string>283095151774379D00AA5E75</string>
				<string>283095161774379D00AA5E75</string>
				<string>28309518177439BB00AA5E75</string>
				<string>28309519177439BB00AA5E75</string>
			</array>
			<key>isa</key>
			<string>PBXGroup</string>
			<key>path</key>
			<string>Data</string>
			<key>sourceTree</key>
			<string>&lt;group&gt;</string>
		</dict>
		<key>281C4C4517718F4600E941F7</key>
		<dict>
			<key>fileEncoding</key>
			<string>4</string>
			<key>isa</key>
			<string>PBXFileReference</string>
			<key>lastKnownFileType</key>
			<string>sourcecode.c.h</string>
			<key>path</key>
			<string>Account.h</string>
			<key>sourceTree</key>
			<string>&lt;group&gt;</string>
		</dict>
		<key>281C4C4617718F4600E941F7</key>
		<dict>
			<key>fileEncoding</key>
			<string>4</string>
			<key>isa</key>
			<string>PBXFileReference</string>
			<key>lastKnownFileType</key>
			<string>sourcecode.c.objc</string>
			<key>path</key>
			<string>Account.m</string>
			<key>sourceTree</key>
			<string>&lt;group&gt;</string>
		</dict>
		<key>281C4C4717718F4600E941F7</key>
		<dict>
			<key>fileRef</key>
			<string>281C4C4617718F4600E941F7</string>
			<key>isa</key>
			<string>PBXBuildFile</string>
		</dict>
		<key>281C4C481771901200E941F7</key>
		<dict>
			<key>fileEncoding</key>
			<string>4</string>
			<key>isa</key>
			<string>PBXFileReference</string>
			<key>lastKnownFileType</key>
			<string>sourcecode.c.h</string>
			<key>path</key>
			<string>AccountDAO.h</string>
			<key>sourceTree</key>
			<string>&lt;group&gt;</string>
		</dict>
		<key>281C4C491771901200E941F7</key>
		<dict>
			<key>fileEncoding</key>
			<string>4</string>
			<key>isa</key>
			<string>PBXFileReference</string>
			<key>lastKnownFileType</key>
			<string>sourcecode.c.objc</string>
			<key>path</key>
			<string>AccountDAO.m</string>
			<key>sourceTree</key>
			<string>&lt;group&gt;</string>
		</dict>
		<key>281C4C4A1771901200E941F7</key>
		<dict>
			<key>fileRef</key>
			<string>281C4C491771901200E941F7</string>
			<key>isa</key>
			<string>PBXBuildFile</string>
		</dict>
		<key>2829962517781FA800C64C5F</key>
		<dict>
			<key>isa</key>
			<string>PBXFileReference</string>
			<key>lastKnownFileType</key>
			<string>wrapper.framework</string>
			<key>path</key>
			<string>LocalStorage.framework</string>
			<key>sourceTree</key>
			<string>&lt;group&gt;</string>
		</dict>
		<key>2829962617781FA800C64C5F</key>
		<dict>
			<key>fileRef</key>
			<string>2829962517781FA800C64C5F</string>
			<key>isa</key>
			<string>PBXBuildFile</string>
		</dict>
		<key>2829962717781FEE00C64C5F</key>
		<dict>
			<key>fileEncoding</key>
			<string>4</string>
			<key>isa</key>
			<string>PBXFileReference</string>
			<key>lastKnownFileType</key>
			<string>text</string>
			<key>name</key>
			<string>todo.txt</string>
			<key>path</key>
			<string>../todo.txt</string>
			<key>sourceTree</key>
			<string>&lt;group&gt;</string>
		</dict>
		<key>2829962817781FEE00C64C5F</key>
		<dict>
			<key>fileRef</key>
			<string>2829962717781FEE00C64C5F</string>
			<key>isa</key>
			<string>PBXBuildFile</string>
		</dict>
		<key>282996291778214000C64C5F</key>
		<dict>
			<key>fileEncoding</key>
			<string>4</string>
			<key>isa</key>
			<string>PBXFileReference</string>
			<key>lastKnownFileType</key>
			<string>sourcecode.c.objc</string>
			<key>path</key>
			<string>AccountDAOTest.m</string>
			<key>sourceTree</key>
			<string>SOURCE_ROOT</string>
		</dict>
		<key>2829962A1778214000C64C5F</key>
		<dict>
			<key>fileRef</key>
			<string>282996291778214000C64C5F</string>
			<key>isa</key>
			<string>PBXBuildFile</string>
		</dict>
		<key>2829962B1778217700C64C5F</key>
		<dict>
			<key>fileRef</key>
			<string>2829962517781FA800C64C5F</string>
			<key>isa</key>
			<string>PBXBuildFile</string>
		</dict>
		<key>2829962C1778245300C64C5F</key>
		<dict>
			<key>isa</key>
			<string>PBXFileReference</string>
			<key>lastKnownFileType</key>
			<string>compiled.mach-o.dylib</string>
			<key>name</key>
			<string>libsqlite3.dylib</string>
			<key>path</key>
			<string>usr/lib/libsqlite3.dylib</string>
			<key>sourceTree</key>
			<string>SDKROOT</string>
		</dict>
		<key>2829962D1778245300C64C5F</key>
		<dict>
			<key>fileRef</key>
			<string>2829962C1778245300C64C5F</string>
			<key>isa</key>
			<string>PBXBuildFile</string>
		</dict>
		<key>283095151774379D00AA5E75</key>
		<dict>
			<key>fileEncoding</key>
			<string>4</string>
			<key>isa</key>
			<string>PBXFileReference</string>
			<key>lastKnownFileType</key>
			<string>sourcecode.c.h</string>
			<key>path</key>
			<string>AccountLog.h</string>
			<key>sourceTree</key>
			<string>&lt;group&gt;</string>
		</dict>
		<key>283095161774379D00AA5E75</key>
		<dict>
			<key>fileEncoding</key>
			<string>4</string>
			<key>isa</key>
			<string>PBXFileReference</string>
			<key>lastKnownFileType</key>
			<string>sourcecode.c.objc</string>
			<key>path</key>
			<string>AccountLog.m</string>
			<key>sourceTree</key>
			<string>&lt;group&gt;</string>
		</dict>
		<key>283095171774379D00AA5E75</key>
		<dict>
			<key>fileRef</key>
			<string>283095161774379D00AA5E75</string>
			<key>isa</key>
			<string>PBXBuildFile</string>
		</dict>
		<key>28309518177439BB00AA5E75</key>
		<dict>
			<key>fileEncoding</key>
			<string>4</string>
			<key>isa</key>
			<string>PBXFileReference</string>
			<key>lastKnownFileType</key>
			<string>sourcecode.c.h</string>
			<key>path</key>
			<string>AccountLogDAO.h</string>
			<key>sourceTree</key>
			<string>&lt;group&gt;</string>
		</dict>
		<key>28309519177439BB00AA5E75</key>
		<dict>
			<key>fileEncoding</key>
			<string>4</string>
			<key>isa</key>
			<string>PBXFileReference</string>
			<key>lastKnownFileType</key>
			<string>sourcecode.c.objc</string>
			<key>path</key>
			<string>AccountLogDAO.m</string>
			<key>sourceTree</key>
			<string>&lt;group&gt;</string>
		</dict>
		<key>2830951A177439BC00AA5E75</key>
		<dict>
			<key>fileRef</key>
			<string>28309519177439BB00AA5E75</string>
			<key>isa</key>
			<string>PBXBuildFile</string>
		</dict>
		<key>2830951B17744B2200AA5E75</key>
		<dict>
			<key>children</key>
			<array>
				<string>282996291778214000C64C5F</string>
			</array>
			<key>isa</key>
			<string>PBXGroup</string>
			<key>path</key>
			<string>Data</string>
			<key>sourceTree</key>
			<string>&lt;group&gt;</string>
		</dict>
		<key>8E2C4F030A6C471A94DE3646</key>
		<dict>
			<key>includeInIndex</key>
			<string>1</string>
			<key>isa</key>
			<string>PBXFileReference</string>
			<key>lastKnownFileType</key>
			<string>text.xcconfig</string>
			<key>name</key>
			<string>Pods-BankAccountTests.xcconfig</string>
			<key>path</key>
			<string>Pods/Pods-BankAccountTests.xcconfig</string>
			<key>sourceTree</key>
			<string>SOURCE_ROOT</string>
		</dict>
		<key>900F27E320624865A9067F78</key>
		<dict>
			<key>buildActionMask</key>
			<string>2147483647</string>
			<key>files</key>
			<array/>
			<key>inputPaths</key>
			<array/>
			<key>isa</key>
			<string>PBXShellScriptBuildPhase</string>
			<key>name</key>
			<string>Check Pods Manifest.lock</string>
			<key>outputPaths</key>
			<array/>
			<key>runOnlyForDeploymentPostprocessing</key>
			<string>0</string>
			<key>shellPath</key>
			<string>/bin/sh</string>
			<key>shellScript</key>
			<string>diff "${PODS_ROOT}/../Podfile.lock" "${PODS_ROOT}/Manifest.lock" &gt; /dev/null
if [[ $? != 0 ]] ; then
    cat &lt;&lt; EOM
error: The sandbox is not in sync with the Podfile.lock. Run 'pod install' or update your CocoaPods installation.
EOM
    exit 1
fi
</string>
			<key>showEnvVarsInLog</key>
			<string>1</string>
		</dict>
		<key>9676ED5C9EBA49BCB6D47C4E</key>
		<dict>
			<key>buildActionMask</key>
			<string>2147483647</string>
			<key>files</key>
			<array/>
			<key>inputPaths</key>
			<array/>
			<key>isa</key>
			<string>PBXShellScriptBuildPhase</string>
			<key>name</key>
			<string>Copy Pods Resources</string>
			<key>outputPaths</key>
			<array/>
			<key>runOnlyForDeploymentPostprocessing</key>
			<string>0</string>
			<key>shellPath</key>
			<string>/bin/sh</string>
			<key>shellScript</key>
			<string>"${SRCROOT}/Pods/Pods-BankAccountTests-resources.sh"
</string>
			<key>showEnvVarsInLog</key>
			<string>1</string>
		</dict>
		<key>ADFE19BAEA694F1F84028DBA</key>
		<dict>
			<key>fileRef</key>
			<string>AE4CAABFE5114793BEDA2675</string>
			<key>isa</key>
			<string>PBXBuildFile</string>
			<key>settings</key>
			<dict/>
		</dict>
		<key>AE4CAABFE5114793BEDA2675</key>
		<dict>
			<key>explicitFileType</key>
			<string>archive.ar</string>
			<key>includeInIndex</key>
			<string>0</string>
			<key>isa</key>
			<string>PBXFileReference</string>
			<key>name</key>
			<string>libPods-BankAccountTests.a</string>
			<key>path</key>
			<string>libPods-BankAccountTests.a</string>
			<key>sourceTree</key>
			<string>BUILT_PRODUCTS_DIR</string>
		</dict>
		<key>CDFD953971274CFCA3A419C3</key>
		<dict>
			<key>buildActionMask</key>
			<string>2147483647</string>
			<key>files</key>
			<array/>
			<key>inputPaths</key>
			<array/>
			<key>isa</key>
			<string>PBXShellScriptBuildPhase</string>
			<key>name</key>
			<string>Check Pods Manifest.lock</string>
			<key>outputPaths</key>
			<array/>
			<key>runOnlyForDeploymentPostprocessing</key>
			<string>0</string>
			<key>shellPath</key>
			<string>/bin/sh</string>
			<key>shellScript</key>
			<string>diff "${PODS_ROOT}/../Podfile.lock" "${PODS_ROOT}/Manifest.lock" &gt; /dev/null
if [[ $? != 0 ]] ; then
    cat &lt;&lt; EOM
error: The sandbox is not in sync with the Podfile.lock. Run 'pod install' or update your CocoaPods installation.
EOM
    exit 1
fi
</string>
		</dict>
		<key>E2943EA5B2DE4941BE883AE4</key>
		<dict>
			<key>buildActionMask</key>
			<string>2147483647</string>
			<key>files</key>
			<array/>
			<key>inputPaths</key>
			<array/>
			<key>isa</key>
			<string>PBXShellScriptBuildPhase</string>
			<key>name</key>
			<string>Copy Pods Resources</string>
			<key>outputPaths</key>
			<array/>
			<key>runOnlyForDeploymentPostprocessing</key>
			<string>0</string>
			<key>shellPath</key>
			<string>/bin/sh</string>
			<key>shellScript</key>
			<string>"${SRCROOT}/Pods/Pods-BankAccountTests-resources.sh"
</string>
		</dict>
		<key>EAEB5ACE42EA455A9BA9B528</key>
		<dict>
			<key>buildActionMask</key>
			<string>2147483647</string>
			<key>files</key>
			<array/>
			<key>inputPaths</key>
			<array/>
			<key>isa</key>
			<string>PBXShellScriptBuildPhase</string>
			<key>name</key>
			<string>Check Pods Manifest.lock</string>
			<key>outputPaths</key>
			<array/>
			<key>runOnlyForDeploymentPostprocessing</key>
			<string>0</string>
			<key>shellPath</key>
			<string>/bin/sh</string>
			<key>shellScript</key>
			<string>diff "${PODS_ROOT}/../Podfile.lock" "${PODS_ROOT}/Manifest.lock" &gt; /dev/null
if [[ $? != 0 ]] ; then
    cat &lt;&lt; EOM
error: The sandbox is not in sync with the Podfile.lock. Run 'pod install' or update your CocoaPods installation.
EOM
    exit 1
fi
</string>
		</dict>
	</dict>
	<key>rootObject</key>
	<string>280771FF1761BD0B008F8E5C</string>
</dict>
</plist>
